// !$*UTF8*$!
{
	archiveVersion = 1;
	classes = {
	};
	objectVersion = 50;
	objects = {

/* Begin PBXBuildFile section */
		AC4114B525F8596700E0E3C1 /* AppDelegate.swift in Sources */ = {isa = PBXBuildFile; fileRef = AC4114B425F8596700E0E3C1 /* AppDelegate.swift */; };
		AC4114B725F8596700E0E3C1 /* SceneDelegate.swift in Sources */ = {isa = PBXBuildFile; fileRef = AC4114B625F8596700E0E3C1 /* SceneDelegate.swift */; };
		AC4114B925F8596700E0E3C1 /* ViewController.swift in Sources */ = {isa = PBXBuildFile; fileRef = AC4114B825F8596700E0E3C1 /* ViewController.swift */; };
		AC4114BC25F8596700E0E3C1 /* Main.storyboard in Resources */ = {isa = PBXBuildFile; fileRef = AC4114BA25F8596700E0E3C1 /* Main.storyboard */; };
		AC4114BE25F8596900E0E3C1 /* Assets.xcassets in Resources */ = {isa = PBXBuildFile; fileRef = AC4114BD25F8596900E0E3C1 /* Assets.xcassets */; };
		AC4114C125F8596900E0E3C1 /* LaunchScreen.storyboard in Resources */ = {isa = PBXBuildFile; fileRef = AC4114BF25F8596900E0E3C1 /* LaunchScreen.storyboard */; };
		AC4114D025F85C1000E0E3C1 /* AutomatedTestAppTests.swift in Sources */ = {isa = PBXBuildFile; fileRef = AC4114CF25F85C1000E0E3C1 /* AutomatedTestAppTests.swift */; };
/* End PBXBuildFile section */

/* Begin PBXContainerItemProxy section */
		AC4114D225F85C1000E0E3C1 /* PBXContainerItemProxy */ = {
			isa = PBXContainerItemProxy;
			containerPortal = AC4114A925F8596700E0E3C1 /* Project object */;
			proxyType = 1;
			remoteGlobalIDString = AC4114B025F8596700E0E3C1;
			remoteInfo = AutomatedTestApp;
		};
/* End PBXContainerItemProxy section */

/* Begin PBXFileReference section */
		AC4114B125F8596700E0E3C1 /* AutomatedTestApp.app */ = {isa = PBXFileReference; explicitFileType = wrapper.application; includeInIndex = 0; path = AutomatedTestApp.app; sourceTree = BUILT_PRODUCTS_DIR; };
		AC4114B425F8596700E0E3C1 /* AppDelegate.swift */ = {isa = PBXFileReference; lastKnownFileType = sourcecode.swift; path = AppDelegate.swift; sourceTree = "<group>"; };
		AC4114B625F8596700E0E3C1 /* SceneDelegate.swift */ = {isa = PBXFileReference; lastKnownFileType = sourcecode.swift; path = SceneDelegate.swift; sourceTree = "<group>"; };
		AC4114B825F8596700E0E3C1 /* ViewController.swift */ = {isa = PBXFileReference; lastKnownFileType = sourcecode.swift; path = ViewController.swift; sourceTree = "<group>"; };
		AC4114BB25F8596700E0E3C1 /* Base */ = {isa = PBXFileReference; lastKnownFileType = file.storyboard; name = Base; path = Base.lproj/Main.storyboard; sourceTree = "<group>"; };
		AC4114BD25F8596900E0E3C1 /* Assets.xcassets */ = {isa = PBXFileReference; lastKnownFileType = folder.assetcatalog; path = Assets.xcassets; sourceTree = "<group>"; };
		AC4114C025F8596900E0E3C1 /* Base */ = {isa = PBXFileReference; lastKnownFileType = file.storyboard; name = Base; path = Base.lproj/LaunchScreen.storyboard; sourceTree = "<group>"; };
		AC4114C225F8596900E0E3C1 /* Info.plist */ = {isa = PBXFileReference; lastKnownFileType = text.plist.xml; path = Info.plist; sourceTree = "<group>"; };
		AC4114CD25F85C1000E0E3C1 /* AutomatedTestAppTests.xctest */ = {isa = PBXFileReference; explicitFileType = wrapper.cfbundle; includeInIndex = 0; path = AutomatedTestAppTests.xctest; sourceTree = BUILT_PRODUCTS_DIR; };
		AC4114CF25F85C1000E0E3C1 /* AutomatedTestAppTests.swift */ = {isa = PBXFileReference; lastKnownFileType = sourcecode.swift; path = AutomatedTestAppTests.swift; sourceTree = "<group>"; };
		AC4114D125F85C1000E0E3C1 /* Info.plist */ = {isa = PBXFileReference; lastKnownFileType = text.plist.xml; path = Info.plist; sourceTree = "<group>"; };
/* End PBXFileReference section */

/* Begin PBXFrameworksBuildPhase section */
		AC4114AE25F8596700E0E3C1 /* Frameworks */ = {
			isa = PBXFrameworksBuildPhase;
			buildActionMask = 2147483647;
			files = (
			);
			runOnlyForDeploymentPostprocessing = 0;
		};
		AC4114CA25F85C1000E0E3C1 /* Frameworks */ = {
			isa = PBXFrameworksBuildPhase;
			buildActionMask = 2147483647;
			files = (
			);
			runOnlyForDeploymentPostprocessing = 0;
		};
/* End PBXFrameworksBuildPhase section */

/* Begin PBXGroup section */
		AC4114A825F8596700E0E3C1 = {
			isa = PBXGroup;
			children = (
				AC4114B325F8596700E0E3C1 /* AutomatedTestApp */,
				AC4114CE25F85C1000E0E3C1 /* AutomatedTestAppTests */,
				AC4114B225F8596700E0E3C1 /* Products */,
			);
			sourceTree = "<group>";
		};
		AC4114B225F8596700E0E3C1 /* Products */ = {
			isa = PBXGroup;
			children = (
				AC4114B125F8596700E0E3C1 /* AutomatedTestApp.app */,
				AC4114CD25F85C1000E0E3C1 /* AutomatedTestAppTests.xctest */,
			);
			name = Products;
			sourceTree = "<group>";
		};
		AC4114B325F8596700E0E3C1 /* AutomatedTestApp */ = {
			isa = PBXGroup;
			children = (
				AC4114B425F8596700E0E3C1 /* AppDelegate.swift */,
				AC4114B625F8596700E0E3C1 /* SceneDelegate.swift */,
				AC4114B825F8596700E0E3C1 /* ViewController.swift */,
				AC4114BA25F8596700E0E3C1 /* Main.storyboard */,
				AC4114BD25F8596900E0E3C1 /* Assets.xcassets */,
				AC4114BF25F8596900E0E3C1 /* LaunchScreen.storyboard */,
				AC4114C225F8596900E0E3C1 /* Info.plist */,
			);
			path = AutomatedTestApp;
			sourceTree = "<group>";
		};
		AC4114CE25F85C1000E0E3C1 /* AutomatedTestAppTests */ = {
			isa = PBXGroup;
			children = (
				AC4114CF25F85C1000E0E3C1 /* AutomatedTestAppTests.swift */,
				AC4114D125F85C1000E0E3C1 /* Info.plist */,
			);
			path = AutomatedTestAppTests;
			sourceTree = "<group>";
		};
/* End PBXGroup section */

/* Begin PBXNativeTarget section */
		AC4114B025F8596700E0E3C1 /* AutomatedTestApp */ = {
			isa = PBXNativeTarget;
			buildConfigurationList = AC4114C525F8596900E0E3C1 /* Build configuration list for PBXNativeTarget "AutomatedTestApp" */;
			buildPhases = (
				AC4114AD25F8596700E0E3C1 /* Sources */,
				AC4114AE25F8596700E0E3C1 /* Frameworks */,
				AC4114AF25F8596700E0E3C1 /* Resources */,
			);
			buildRules = (
			);
			dependencies = (
			);
			name = AutomatedTestApp;
			productName = AutomatedTestApp;
			productReference = AC4114B125F8596700E0E3C1 /* AutomatedTestApp.app */;
			productType = "com.apple.product-type.application";
		};
		AC4114CC25F85C1000E0E3C1 /* AutomatedTestAppTests */ = {
			isa = PBXNativeTarget;
			buildConfigurationList = AC4114D425F85C1000E0E3C1 /* Build configuration list for PBXNativeTarget "AutomatedTestAppTests" */;
			buildPhases = (
				AC4114C925F85C1000E0E3C1 /* Sources */,
				AC4114CA25F85C1000E0E3C1 /* Frameworks */,
				AC4114CB25F85C1000E0E3C1 /* Resources */,
			);
			buildRules = (
			);
			dependencies = (
				AC4114D325F85C1000E0E3C1 /* PBXTargetDependency */,
			);
			name = AutomatedTestAppTests;
			productName = AutomatedTestAppTests;
			productReference = AC4114CD25F85C1000E0E3C1 /* AutomatedTestAppTests.xctest */;
			productType = "com.apple.product-type.bundle.unit-test";
		};
/* End PBXNativeTarget section */

/* Begin PBXProject section */
		AC4114A925F8596700E0E3C1 /* Project object */ = {
			isa = PBXProject;
			attributes = {
				LastSwiftUpdateCheck = 1220;
				LastUpgradeCheck = 1220;
				TargetAttributes = {
					AC4114B025F8596700E0E3C1 = {
						CreatedOnToolsVersion = 12.2;
					};
					AC4114CC25F85C1000E0E3C1 = {
						CreatedOnToolsVersion = 12.2;
						TestTargetID = AC4114B025F8596700E0E3C1;
					};
				};
			};
			buildConfigurationList = AC4114AC25F8596700E0E3C1 /* Build configuration list for PBXProject "AutomatedTestApp" */;
			compatibilityVersion = "Xcode 9.3";
			developmentRegion = en;
			hasScannedForEncodings = 0;
			knownRegions = (
				en,
				Base,
			);
			mainGroup = AC4114A825F8596700E0E3C1;
			productRefGroup = AC4114B225F8596700E0E3C1 /* Products */;
			projectDirPath = "";
			projectRoot = "";
			targets = (
				AC4114B025F8596700E0E3C1 /* AutomatedTestApp */,
				AC4114CC25F85C1000E0E3C1 /* AutomatedTestAppTests */,
			);
		};
/* End PBXProject section */

/* Begin PBXResourcesBuildPhase section */
		AC4114AF25F8596700E0E3C1 /* Resources */ = {
			isa = PBXResourcesBuildPhase;
			buildActionMask = 2147483647;
			files = (
				AC4114C125F8596900E0E3C1 /* LaunchScreen.storyboard in Resources */,
				AC4114BE25F8596900E0E3C1 /* Assets.xcassets in Resources */,
				AC4114BC25F8596700E0E3C1 /* Main.storyboard in Resources */,
			);
			runOnlyForDeploymentPostprocessing = 0;
		};
		AC4114CB25F85C1000E0E3C1 /* Resources */ = {
			isa = PBXResourcesBuildPhase;
			buildActionMask = 2147483647;
			files = (
			);
			runOnlyForDeploymentPostprocessing = 0;
		};
/* End PBXResourcesBuildPhase section */

/* Begin PBXSourcesBuildPhase section */
		AC4114AD25F8596700E0E3C1 /* Sources */ = {
			isa = PBXSourcesBuildPhase;
			buildActionMask = 2147483647;
			files = (
				AC4114B925F8596700E0E3C1 /* ViewController.swift in Sources */,
				AC4114B525F8596700E0E3C1 /* AppDelegate.swift in Sources */,
				AC4114B725F8596700E0E3C1 /* SceneDelegate.swift in Sources */,
			);
			runOnlyForDeploymentPostprocessing = 0;
		};
		AC4114C925F85C1000E0E3C1 /* Sources */ = {
			isa = PBXSourcesBuildPhase;
			buildActionMask = 2147483647;
			files = (
				AC4114D025F85C1000E0E3C1 /* AutomatedTestAppTests.swift in Sources */,
			);
			runOnlyForDeploymentPostprocessing = 0;
		};
/* End PBXSourcesBuildPhase section */

/* Begin PBXTargetDependency section */
		AC4114D325F85C1000E0E3C1 /* PBXTargetDependency */ = {
			isa = PBXTargetDependency;
			target = AC4114B025F8596700E0E3C1 /* AutomatedTestApp */;
			targetProxy = AC4114D225F85C1000E0E3C1 /* PBXContainerItemProxy */;
		};
/* End PBXTargetDependency section */

/* Begin PBXVariantGroup section */
		AC4114BA25F8596700E0E3C1 /* Main.storyboard */ = {
			isa = PBXVariantGroup;
			children = (
				AC4114BB25F8596700E0E3C1 /* Base */,
			);
			name = Main.storyboard;
			sourceTree = "<group>";
		};
		AC4114BF25F8596900E0E3C1 /* LaunchScreen.storyboard */ = {
			isa = PBXVariantGroup;
			children = (
				AC4114C025F8596900E0E3C1 /* Base */,
			);
			name = LaunchScreen.storyboard;
			sourceTree = "<group>";
		};
/* End PBXVariantGroup section */

/* Begin XCBuildConfiguration section */
		AC4114C325F8596900E0E3C1 /* Debug */ = {
			isa = XCBuildConfiguration;
			buildSettings = {
				ALWAYS_SEARCH_USER_PATHS = NO;
				CLANG_ANALYZER_NONNULL = YES;
				CLANG_ANALYZER_NUMBER_OBJECT_CONVERSION = YES_AGGRESSIVE;
				CLANG_CXX_LANGUAGE_STANDARD = "gnu++14";
				CLANG_CXX_LIBRARY = "libc++";
				CLANG_ENABLE_MODULES = YES;
				CLANG_ENABLE_OBJC_ARC = YES;
				CLANG_ENABLE_OBJC_WEAK = YES;
				CLANG_WARN_BLOCK_CAPTURE_AUTORELEASING = YES;
				CLANG_WARN_BOOL_CONVERSION = YES;
				CLANG_WARN_COMMA = YES;
				CLANG_WARN_CONSTANT_CONVERSION = YES;
				CLANG_WARN_DEPRECATED_OBJC_IMPLEMENTATIONS = YES;
				CLANG_WARN_DIRECT_OBJC_ISA_USAGE = YES_ERROR;
				CLANG_WARN_DOCUMENTATION_COMMENTS = YES;
				CLANG_WARN_EMPTY_BODY = YES;
				CLANG_WARN_ENUM_CONVERSION = YES;
				CLANG_WARN_INFINITE_RECURSION = YES;
				CLANG_WARN_INT_CONVERSION = YES;
				CLANG_WARN_NON_LITERAL_NULL_CONVERSION = YES;
				CLANG_WARN_OBJC_IMPLICIT_RETAIN_SELF = YES;
				CLANG_WARN_OBJC_LITERAL_CONVERSION = YES;
				CLANG_WARN_OBJC_ROOT_CLASS = YES_ERROR;
				CLANG_WARN_QUOTED_INCLUDE_IN_FRAMEWORK_HEADER = YES;
				CLANG_WARN_RANGE_LOOP_ANALYSIS = YES;
				CLANG_WARN_STRICT_PROTOTYPES = YES;
				CLANG_WARN_SUSPICIOUS_MOVE = YES;
				CLANG_WARN_UNGUARDED_AVAILABILITY = YES_AGGRESSIVE;
				CLANG_WARN_UNREACHABLE_CODE = YES;
				CLANG_WARN__DUPLICATE_METHOD_MATCH = YES;
				COPY_PHASE_STRIP = NO;
				DEBUG_INFORMATION_FORMAT = dwarf;
				ENABLE_STRICT_OBJC_MSGSEND = YES;
				ENABLE_TESTABILITY = YES;
				GCC_C_LANGUAGE_STANDARD = gnu11;
				GCC_DYNAMIC_NO_PIC = NO;
				GCC_NO_COMMON_BLOCKS = YES;
				GCC_OPTIMIZATION_LEVEL = 0;
				GCC_PREPROCESSOR_DEFINITIONS = (
					"DEBUG=1",
					"$(inherited)",
				);
				GCC_WARN_64_TO_32_BIT_CONVERSION = YES;
				GCC_WARN_ABOUT_RETURN_TYPE = YES_ERROR;
				GCC_WARN_UNDECLARED_SELECTOR = YES;
				GCC_WARN_UNINITIALIZED_AUTOS = YES_AGGRESSIVE;
				GCC_WARN_UNUSED_FUNCTION = YES;
				GCC_WARN_UNUSED_VARIABLE = YES;
				IPHONEOS_DEPLOYMENT_TARGET = 14.2;
				MTL_ENABLE_DEBUG_INFO = INCLUDE_SOURCE;
				MTL_FAST_MATH = YES;
				ONLY_ACTIVE_ARCH = YES;
				SDKROOT = iphoneos;
				SWIFT_ACTIVE_COMPILATION_CONDITIONS = DEBUG;
				SWIFT_OPTIMIZATION_LEVEL = "-Onone";
			};
			name = Debug;
		};
		AC4114C425F8596900E0E3C1 /* Release */ = {
			isa = XCBuildConfiguration;
			buildSettings = {
				ALWAYS_SEARCH_USER_PATHS = NO;
				CLANG_ANALYZER_NONNULL = YES;
				CLANG_ANALYZER_NUMBER_OBJECT_CONVERSION = YES_AGGRESSIVE;
				CLANG_CXX_LANGUAGE_STANDARD = "gnu++14";
				CLANG_CXX_LIBRARY = "libc++";
				CLANG_ENABLE_MODULES = YES;
				CLANG_ENABLE_OBJC_ARC = YES;
				CLANG_ENABLE_OBJC_WEAK = YES;
				CLANG_WARN_BLOCK_CAPTURE_AUTORELEASING = YES;
				CLANG_WARN_BOOL_CONVERSION = YES;
				CLANG_WARN_COMMA = YES;
				CLANG_WARN_CONSTANT_CONVERSION = YES;
				CLANG_WARN_DEPRECATED_OBJC_IMPLEMENTATIONS = YES;
				CLANG_WARN_DIRECT_OBJC_ISA_USAGE = YES_ERROR;
				CLANG_WARN_DOCUMENTATION_COMMENTS = YES;
				CLANG_WARN_EMPTY_BODY = YES;
				CLANG_WARN_ENUM_CONVERSION = YES;
				CLANG_WARN_INFINITE_RECURSION = YES;
				CLANG_WARN_INT_CONVERSION = YES;
				CLANG_WARN_NON_LITERAL_NULL_CONVERSION = YES;
				CLANG_WARN_OBJC_IMPLICIT_RETAIN_SELF = YES;
				CLANG_WARN_OBJC_LITERAL_CONVERSION = YES;
				CLANG_WARN_OBJC_ROOT_CLASS = YES_ERROR;
				CLANG_WARN_QUOTED_INCLUDE_IN_FRAMEWORK_HEADER = YES;
				CLANG_WARN_RANGE_LOOP_ANALYSIS = YES;
				CLANG_WARN_STRICT_PROTOTYPES = YES;
				CLANG_WARN_SUSPICIOUS_MOVE = YES;
				CLANG_WARN_UNGUARDED_AVAILABILITY = YES_AGGRESSIVE;
				CLANG_WARN_UNREACHABLE_CODE = YES;
				CLANG_WARN__DUPLICATE_METHOD_MATCH = YES;
				COPY_PHASE_STRIP = NO;
				DEBUG_INFORMATION_FORMAT = "dwarf-with-dsym";
				ENABLE_NS_ASSERTIONS = NO;
				ENABLE_STRICT_OBJC_MSGSEND = YES;
				GCC_C_LANGUAGE_STANDARD = gnu11;
				GCC_NO_COMMON_BLOCKS = YES;
				GCC_WARN_64_TO_32_BIT_CONVERSION = YES;
				GCC_WARN_ABOUT_RETURN_TYPE = YES_ERROR;
				GCC_WARN_UNDECLARED_SELECTOR = YES;
				GCC_WARN_UNINITIALIZED_AUTOS = YES_AGGRESSIVE;
				GCC_WARN_UNUSED_FUNCTION = YES;
				GCC_WARN_UNUSED_VARIABLE = YES;
				IPHONEOS_DEPLOYMENT_TARGET = 14.2;
				MTL_ENABLE_DEBUG_INFO = NO;
				MTL_FAST_MATH = YES;
				SDKROOT = iphoneos;
				SWIFT_COMPILATION_MODE = wholemodule;
				SWIFT_OPTIMIZATION_LEVEL = "-O";
				VALIDATE_PRODUCT = YES;
			};
			name = Release;
		};
		AC4114C625F8596900E0E3C1 /* Debug */ = {
			isa = XCBuildConfiguration;
			buildSettings = {
				ASSETCATALOG_COMPILER_APPICON_NAME = AppIcon;
				ASSETCATALOG_COMPILER_GLOBAL_ACCENT_COLOR_NAME = AccentColor;
				CODE_SIGN_STYLE = Automatic;
				INFOPLIST_FILE = AutomatedTestApp/Info.plist;
				LD_RUNPATH_SEARCH_PATHS = (
					"$(inherited)",
					"@executable_path/Frameworks",
				);
				PRODUCT_BUNDLE_IDENTIFIER = wb.devs.AutomatedTestApp;
				PRODUCT_NAME = "$(TARGET_NAME)";
				SWIFT_VERSION = 5.0;
				TARGETED_DEVICE_FAMILY = "1,2";
			};
			name = Debug;
		};
		AC4114C725F8596900E0E3C1 /* Release */ = {
			isa = XCBuildConfiguration;
			buildSettings = {
				ASSETCATALOG_COMPILER_APPICON_NAME = AppIcon;
				ASSETCATALOG_COMPILER_GLOBAL_ACCENT_COLOR_NAME = AccentColor;
				CODE_SIGN_STYLE = Automatic;
				INFOPLIST_FILE = AutomatedTestApp/Info.plist;
				LD_RUNPATH_SEARCH_PATHS = (
					"$(inherited)",
					"@executable_path/Frameworks",
				);
				PRODUCT_BUNDLE_IDENTIFIER = wb.devs.AutomatedTestApp;
				PRODUCT_NAME = "$(TARGET_NAME)";
				SWIFT_VERSION = 5.0;
				TARGETED_DEVICE_FAMILY = "1,2";
			};
			name = Release;
		};
		AC4114D525F85C1000E0E3C1 /* Debug */ = {
			isa = XCBuildConfiguration;
			buildSettings = {
				BUNDLE_LOADER = "$(TEST_HOST)";
				CODE_SIGN_STYLE = Automatic;
				INFOPLIST_FILE = AutomatedTestAppTests/Info.plist;
				LD_RUNPATH_SEARCH_PATHS = (
					"$(inherited)",
					"@executable_path/Frameworks",
					"@loader_path/Frameworks",
				);
				PRODUCT_BUNDLE_IDENTIFIER = wb.devs.AutomatedTestAppTests;
				PRODUCT_NAME = "$(TARGET_NAME)";
				SWIFT_VERSION = 5.0;
				TARGETED_DEVICE_FAMILY = "1,2";
				TEST_HOST = "$(BUILT_PRODUCTS_DIR)/AutomatedTestApp.app/AutomatedTestApp";
			};
			name = Debug;
		};
		AC4114D625F85C1000E0E3C1 /* Release */ = {
			isa = XCBuildConfiguration;
			buildSettings = {
				BUNDLE_LOADER = "$(TEST_HOST)";
				CODE_SIGN_STYLE = Automatic;
				INFOPLIST_FILE = AutomatedTestAppTests/Info.plist;
				LD_RUNPATH_SEARCH_PATHS = (
					"$(inherited)",
					"@executable_path/Frameworks",
					"@loader_path/Frameworks",
				);
				PRODUCT_BUNDLE_IDENTIFIER = wb.devs.AutomatedTestAppTests;
				PRODUCT_NAME = "$(TARGET_NAME)";
				SWIFT_VERSION = 5.0;
				TARGETED_DEVICE_FAMILY = "1,2";
				TEST_HOST = "$(BUILT_PRODUCTS_DIR)/AutomatedTestApp.app/AutomatedTestApp";
			};
			name = Release;
		};
/* End XCBuildConfiguration section */

/* Begin XCConfigurationList section */
		AC4114AC25F8596700E0E3C1 /* Build configuration list for PBXProject "AutomatedTestApp" */ = {
			isa = XCConfigurationList;
			buildConfigurations = (
				AC4114C325F8596900E0E3C1 /* Debug */,
				AC4114C425F8596900E0E3C1 /* Release */,
			);
			defaultConfigurationIsVisible = 0;
			defaultConfigurationName = Release;
		};
		AC4114C525F8596900E0E3C1 /* Build configuration list for PBXNativeTarget "AutomatedTestApp" */ = {
			isa = XCConfigurationList;
			buildConfigurations = (
				AC4114C625F8596900E0E3C1 /* Debug */,
				AC4114C725F8596900E0E3C1 /* Release */,
			);
			defaultConfigurationIsVisible = 0;
			defaultConfigurationName = Release;
		};
		AC4114D425F85C1000E0E3C1 /* Build configuration list for PBXNativeTarget "AutomatedTestAppTests" */ = {
			isa = XCConfigurationList;
			buildConfigurations = (
				AC4114D525F85C1000E0E3C1 /* Debug */,
				AC4114D625F85C1000E0E3C1 /* Release */,
			);
			defaultConfigurationIsVisible = 0;
			defaultConfigurationName = Release;
		};
/* End XCConfigurationList section */
	};
	rootObject = AC4114A925F8596700E0E3C1 /* Project object */;
}
