// !$*UTF8*$!
{
	archiveVersion = 1;
	classes = {
	};
	objectVersion = 52;
	objects = {

/* Begin PBXBuildFile section */
		BF236C5626422885003BED67 /* MainDispatchQueueDecorator.framework in Frameworks */ = {isa = PBXBuildFile; fileRef = BF236C4026422869003BED67 /* MainDispatchQueueDecorator.framework */; };
		BF236C61264228F6003BED67 /* FeedLoader.swift in Sources */ = {isa = PBXBuildFile; fileRef = BF236C60264228F6003BED67 /* FeedLoader.swift */; };
		BFB24B202643790600A50ED0 /* MainDispatchQueueDecorator.framework in Frameworks */ = {isa = PBXBuildFile; fileRef = BF236C4026422869003BED67 /* MainDispatchQueueDecorator.framework */; platformFilter = ios; };
		BFB24B212643790600A50ED0 /* MainDispatchQueueDecorator.framework in Embed Frameworks */ = {isa = PBXBuildFile; fileRef = BF236C4026422869003BED67 /* MainDispatchQueueDecorator.framework */; platformFilter = ios; settings = {ATTRIBUTES = (CodeSignOnCopy, RemoveHeadersOnCopy, ); }; };
		BFB24B342643795B00A50ED0 /* MainDispatchQueueDecoratoriOS.framework in Frameworks */ = {isa = PBXBuildFile; fileRef = BFB24B14264378FD00A50ED0 /* MainDispatchQueueDecoratoriOS.framework */; };
		BFB24B412643797600A50ED0 /* FeedControllerTests.swift in Sources */ = {isa = PBXBuildFile; fileRef = BFB24B402643797600A50ED0 /* FeedControllerTests.swift */; };
		BFE36EBC2644C66C00D21862 /* FeedUIIntegrationTests.swift in Sources */ = {isa = PBXBuildFile; fileRef = BFE36EBB2644C66C00D21862 /* FeedUIIntegrationTests.swift */; };
		BFE36EC22644C80D00D21862 /* FeedLoaderMock.swift in Sources */ = {isa = PBXBuildFile; fileRef = BFE36EC12644C80D00D21862 /* FeedLoaderMock.swift */; };
		BFE36ECA2644C86D00D21862 /* XCTestCase+Extension.swift in Sources */ = {isa = PBXBuildFile; fileRef = BFE36EC92644C86D00D21862 /* XCTestCase+Extension.swift */; };
/* End PBXBuildFile section */

/* Begin PBXContainerItemProxy section */
		BF236C5726422885003BED67 /* PBXContainerItemProxy */ = {
			isa = PBXContainerItemProxy;
			containerPortal = BF236C3726422869003BED67 /* Project object */;
			proxyType = 1;
			remoteGlobalIDString = BF236C3F26422869003BED67;
			remoteInfo = MainDispatchQueueDecorator;
		};
		BFB24B222643790600A50ED0 /* PBXContainerItemProxy */ = {
			isa = PBXContainerItemProxy;
			containerPortal = BF236C3726422869003BED67 /* Project object */;
			proxyType = 1;
			remoteGlobalIDString = BF236C3F26422869003BED67;
			remoteInfo = MainDispatchQueueDecorator;
		};
		BFB24B352643795B00A50ED0 /* PBXContainerItemProxy */ = {
			isa = PBXContainerItemProxy;
			containerPortal = BF236C3726422869003BED67 /* Project object */;
			proxyType = 1;
			remoteGlobalIDString = BFB24B13264378FD00A50ED0;
			remoteInfo = MainDispatchQueueDecoratoriOS;
		};
/* End PBXContainerItemProxy section */

/* Begin PBXCopyFilesBuildPhase section */
		BFB24B242643790700A50ED0 /* Embed Frameworks */ = {
			isa = PBXCopyFilesBuildPhase;
			buildActionMask = 2147483647;
			dstPath = "";
			dstSubfolderSpec = 10;
			files = (
				BFB24B212643790600A50ED0 /* MainDispatchQueueDecorator.framework in Embed Frameworks */,
			);
			name = "Embed Frameworks";
			runOnlyForDeploymentPostprocessing = 0;
		};
/* End PBXCopyFilesBuildPhase section */

/* Begin PBXFileReference section */
		BF236C4026422869003BED67 /* MainDispatchQueueDecorator.framework */ = {isa = PBXFileReference; explicitFileType = wrapper.framework; includeInIndex = 0; path = MainDispatchQueueDecorator.framework; sourceTree = BUILT_PRODUCTS_DIR; };
		BF236C4426422869003BED67 /* Info.plist */ = {isa = PBXFileReference; lastKnownFileType = text.plist.xml; path = Info.plist; sourceTree = "<group>"; };
		BF236C5126422885003BED67 /* MainDispatchQueueDecoratorTests.xctest */ = {isa = PBXFileReference; explicitFileType = wrapper.cfbundle; includeInIndex = 0; path = MainDispatchQueueDecoratorTests.xctest; sourceTree = BUILT_PRODUCTS_DIR; };
		BF236C5526422885003BED67 /* Info.plist */ = {isa = PBXFileReference; lastKnownFileType = text.plist.xml; path = Info.plist; sourceTree = "<group>"; };
		BF236C60264228F6003BED67 /* FeedLoader.swift */ = {isa = PBXFileReference; lastKnownFileType = sourcecode.swift; path = FeedLoader.swift; sourceTree = "<group>"; };
		BFB24B14264378FD00A50ED0 /* MainDispatchQueueDecoratoriOS.framework */ = {isa = PBXFileReference; explicitFileType = wrapper.framework; includeInIndex = 0; path = MainDispatchQueueDecoratoriOS.framework; sourceTree = BUILT_PRODUCTS_DIR; };
		BFB24B17264378FD00A50ED0 /* Info.plist */ = {isa = PBXFileReference; lastKnownFileType = text.plist.xml; path = Info.plist; sourceTree = "<group>"; };
		BFB24B2F2643795B00A50ED0 /* MainDispatchQueueDecoratoriOSTests.xctest */ = {isa = PBXFileReference; explicitFileType = wrapper.cfbundle; includeInIndex = 0; path = MainDispatchQueueDecoratoriOSTests.xctest; sourceTree = BUILT_PRODUCTS_DIR; };
		BFB24B332643795B00A50ED0 /* Info.plist */ = {isa = PBXFileReference; lastKnownFileType = text.plist.xml; path = Info.plist; sourceTree = "<group>"; };
		BFB24B402643797600A50ED0 /* FeedControllerTests.swift */ = {isa = PBXFileReference; lastKnownFileType = sourcecode.swift; path = FeedControllerTests.swift; sourceTree = "<group>"; };
		BFE36EBB2644C66C00D21862 /* FeedUIIntegrationTests.swift */ = {isa = PBXFileReference; lastKnownFileType = sourcecode.swift; path = FeedUIIntegrationTests.swift; sourceTree = "<group>"; };
		BFE36EC12644C80D00D21862 /* FeedLoaderMock.swift */ = {isa = PBXFileReference; lastKnownFileType = sourcecode.swift; path = FeedLoaderMock.swift; sourceTree = "<group>"; };
		BFE36EC92644C86D00D21862 /* XCTestCase+Extension.swift */ = {isa = PBXFileReference; lastKnownFileType = sourcecode.swift; path = "XCTestCase+Extension.swift"; sourceTree = "<group>"; };
/* End PBXFileReference section */

/* Begin PBXFrameworksBuildPhase section */
		BF236C3D26422869003BED67 /* Frameworks */ = {
			isa = PBXFrameworksBuildPhase;
			buildActionMask = 2147483647;
			files = (
			);
			runOnlyForDeploymentPostprocessing = 0;
		};
		BF236C4E26422885003BED67 /* Frameworks */ = {
			isa = PBXFrameworksBuildPhase;
			buildActionMask = 2147483647;
			files = (
				BF236C5626422885003BED67 /* MainDispatchQueueDecorator.framework in Frameworks */,
			);
			runOnlyForDeploymentPostprocessing = 0;
		};
		BFB24B11264378FD00A50ED0 /* Frameworks */ = {
			isa = PBXFrameworksBuildPhase;
			buildActionMask = 2147483647;
			files = (
				BFB24B202643790600A50ED0 /* MainDispatchQueueDecorator.framework in Frameworks */,
			);
			runOnlyForDeploymentPostprocessing = 0;
		};
		BFB24B2C2643795B00A50ED0 /* Frameworks */ = {
			isa = PBXFrameworksBuildPhase;
			buildActionMask = 2147483647;
			files = (
				BFB24B342643795B00A50ED0 /* MainDispatchQueueDecoratoriOS.framework in Frameworks */,
			);
			runOnlyForDeploymentPostprocessing = 0;
		};
/* End PBXFrameworksBuildPhase section */

/* Begin PBXGroup section */
		BF236C3626422869003BED67 = {
			isa = PBXGroup;
			children = (
				BF236C4226422869003BED67 /* MainDispatchQueueDecorator */,
				BF236C5226422885003BED67 /* MainDispatchQueueDecoratorTests */,
				BFB24B15264378FD00A50ED0 /* MainDispatchQueueDecoratoriOS */,
				BFB24B302643795B00A50ED0 /* MainDispatchQueueDecoratoriOSTests */,
				BF236C4126422869003BED67 /* Products */,
				BFB24B1F2643790600A50ED0 /* Frameworks */,
			);
			sourceTree = "<group>";
		};
		BF236C4126422869003BED67 /* Products */ = {
			isa = PBXGroup;
			children = (
				BF236C4026422869003BED67 /* MainDispatchQueueDecorator.framework */,
				BF236C5126422885003BED67 /* MainDispatchQueueDecoratorTests.xctest */,
				BFB24B14264378FD00A50ED0 /* MainDispatchQueueDecoratoriOS.framework */,
				BFB24B2F2643795B00A50ED0 /* MainDispatchQueueDecoratoriOSTests.xctest */,
			);
			name = Products;
			sourceTree = "<group>";
		};
		BF236C4226422869003BED67 /* MainDispatchQueueDecorator */ = {
			isa = PBXGroup;
			children = (
				BF236C4426422869003BED67 /* Info.plist */,
				BF236C60264228F6003BED67 /* FeedLoader.swift */,
			);
			path = MainDispatchQueueDecorator;
			sourceTree = "<group>";
		};
		BF236C5226422885003BED67 /* MainDispatchQueueDecoratorTests */ = {
			isa = PBXGroup;
			children = (
				BF236C5526422885003BED67 /* Info.plist */,
			);
			path = MainDispatchQueueDecoratorTests;
			sourceTree = "<group>";
		};
		BFB24B15264378FD00A50ED0 /* MainDispatchQueueDecoratoriOS */ = {
			isa = PBXGroup;
			children = (
				BFB24B17264378FD00A50ED0 /* Info.plist */,
			);
			path = MainDispatchQueueDecoratoriOS;
			sourceTree = "<group>";
		};
		BFB24B1F2643790600A50ED0 /* Frameworks */ = {
			isa = PBXGroup;
			children = (
			);
			name = Frameworks;
			sourceTree = "<group>";
		};
		BFB24B302643795B00A50ED0 /* MainDispatchQueueDecoratoriOSTests */ = {
			isa = PBXGroup;
			children = (
				BFE36EC02644C7F700D21862 /* Helpers */,
				BFB24B332643795B00A50ED0 /* Info.plist */,
				BFB24B402643797600A50ED0 /* FeedControllerTests.swift */,
				BFE36EBB2644C66C00D21862 /* FeedUIIntegrationTests.swift */,
			);
			path = MainDispatchQueueDecoratoriOSTests;
			sourceTree = "<group>";
		};
		BFE36EC02644C7F700D21862 /* Helpers */ = {
			isa = PBXGroup;
			children = (
				BFE36EC12644C80D00D21862 /* FeedLoaderMock.swift */,
				BFE36EC92644C86D00D21862 /* XCTestCase+Extension.swift */,
			);
			path = Helpers;
			sourceTree = "<group>";
		};
/* End PBXGroup section */

/* Begin PBXHeadersBuildPhase section */
		BF236C3B26422869003BED67 /* Headers */ = {
			isa = PBXHeadersBuildPhase;
			buildActionMask = 2147483647;
			files = (
			);
			runOnlyForDeploymentPostprocessing = 0;
		};
		BFB24B0F264378FD00A50ED0 /* Headers */ = {
			isa = PBXHeadersBuildPhase;
			buildActionMask = 2147483647;
			files = (
			);
			runOnlyForDeploymentPostprocessing = 0;
		};
/* End PBXHeadersBuildPhase section */

/* Begin PBXNativeTarget section */
		BF236C3F26422869003BED67 /* MainDispatchQueueDecorator */ = {
			isa = PBXNativeTarget;
			buildConfigurationList = BF236C4826422869003BED67 /* Build configuration list for PBXNativeTarget "MainDispatchQueueDecorator" */;
			buildPhases = (
				BF236C3B26422869003BED67 /* Headers */,
				BF236C3C26422869003BED67 /* Sources */,
				BF236C3D26422869003BED67 /* Frameworks */,
				BF236C3E26422869003BED67 /* Resources */,
			);
			buildRules = (
			);
			dependencies = (
			);
			name = MainDispatchQueueDecorator;
			productName = MainDispatchQueueDecorator;
			productReference = BF236C4026422869003BED67 /* MainDispatchQueueDecorator.framework */;
			productType = "com.apple.product-type.framework";
		};
		BF236C5026422885003BED67 /* MainDispatchQueueDecoratorTests */ = {
			isa = PBXNativeTarget;
			buildConfigurationList = BF236C5926422885003BED67 /* Build configuration list for PBXNativeTarget "MainDispatchQueueDecoratorTests" */;
			buildPhases = (
				BF236C4D26422885003BED67 /* Sources */,
				BF236C4E26422885003BED67 /* Frameworks */,
				BF236C4F26422885003BED67 /* Resources */,
			);
			buildRules = (
			);
			dependencies = (
				BF236C5826422885003BED67 /* PBXTargetDependency */,
			);
			name = MainDispatchQueueDecoratorTests;
			productName = MainDispatchQueueDecoratorTests;
			productReference = BF236C5126422885003BED67 /* MainDispatchQueueDecoratorTests.xctest */;
			productType = "com.apple.product-type.bundle.unit-test";
		};
		BFB24B13264378FD00A50ED0 /* MainDispatchQueueDecoratoriOS */ = {
			isa = PBXNativeTarget;
			buildConfigurationList = BFB24B19264378FD00A50ED0 /* Build configuration list for PBXNativeTarget "MainDispatchQueueDecoratoriOS" */;
			buildPhases = (
				BFB24B0F264378FD00A50ED0 /* Headers */,
				BFB24B10264378FD00A50ED0 /* Sources */,
				BFB24B11264378FD00A50ED0 /* Frameworks */,
				BFB24B12264378FD00A50ED0 /* Resources */,
				BFB24B242643790700A50ED0 /* Embed Frameworks */,
			);
			buildRules = (
			);
			dependencies = (
				BFB24B232643790600A50ED0 /* PBXTargetDependency */,
			);
			name = MainDispatchQueueDecoratoriOS;
			productName = MainDispatchQueueDecoratoriOS;
			productReference = BFB24B14264378FD00A50ED0 /* MainDispatchQueueDecoratoriOS.framework */;
			productType = "com.apple.product-type.framework";
		};
		BFB24B2E2643795B00A50ED0 /* MainDispatchQueueDecoratoriOSTests */ = {
			isa = PBXNativeTarget;
			buildConfigurationList = BFB24B372643795B00A50ED0 /* Build configuration list for PBXNativeTarget "MainDispatchQueueDecoratoriOSTests" */;
			buildPhases = (
				BFB24B2B2643795B00A50ED0 /* Sources */,
				BFB24B2C2643795B00A50ED0 /* Frameworks */,
				BFB24B2D2643795B00A50ED0 /* Resources */,
			);
			buildRules = (
			);
			dependencies = (
				BFB24B362643795B00A50ED0 /* PBXTargetDependency */,
			);
			name = MainDispatchQueueDecoratoriOSTests;
			productName = MainDispatchQueueDecoratoriOSTests;
			productReference = BFB24B2F2643795B00A50ED0 /* MainDispatchQueueDecoratoriOSTests.xctest */;
			productType = "com.apple.product-type.bundle.unit-test";
		};
/* End PBXNativeTarget section */

/* Begin PBXProject section */
		BF236C3726422869003BED67 /* Project object */ = {
			isa = PBXProject;
			attributes = {
				LastSwiftUpdateCheck = 1240;
				LastUpgradeCheck = 1240;
				TargetAttributes = {
					BF236C3F26422869003BED67 = {
						CreatedOnToolsVersion = 12.4;
						LastSwiftMigration = 1240;
					};
					BF236C5026422885003BED67 = {
						CreatedOnToolsVersion = 12.4;
					};
					BFB24B13264378FD00A50ED0 = {
						CreatedOnToolsVersion = 12.4;
						LastSwiftMigration = 1240;
					};
					BFB24B2E2643795B00A50ED0 = {
						CreatedOnToolsVersion = 12.4;
						LastSwiftMigration = 1240;
					};
				};
			};
			buildConfigurationList = BF236C3A26422869003BED67 /* Build configuration list for PBXProject "MainDispatchQueueDecorator" */;
			compatibilityVersion = "Xcode 9.3";
			developmentRegion = en;
			hasScannedForEncodings = 0;
			knownRegions = (
				en,
				Base,
			);
			mainGroup = BF236C3626422869003BED67;
			productRefGroup = BF236C4126422869003BED67 /* Products */;
			projectDirPath = "";
			projectRoot = "";
			targets = (
				BF236C3F26422869003BED67 /* MainDispatchQueueDecorator */,
				BF236C5026422885003BED67 /* MainDispatchQueueDecoratorTests */,
				BFB24B13264378FD00A50ED0 /* MainDispatchQueueDecoratoriOS */,
				BFB24B2E2643795B00A50ED0 /* MainDispatchQueueDecoratoriOSTests */,
			);
		};
/* End PBXProject section */

/* Begin PBXResourcesBuildPhase section */
		BF236C3E26422869003BED67 /* Resources */ = {
			isa = PBXResourcesBuildPhase;
			buildActionMask = 2147483647;
			files = (
			);
			runOnlyForDeploymentPostprocessing = 0;
		};
		BF236C4F26422885003BED67 /* Resources */ = {
			isa = PBXResourcesBuildPhase;
			buildActionMask = 2147483647;
			files = (
			);
			runOnlyForDeploymentPostprocessing = 0;
		};
		BFB24B12264378FD00A50ED0 /* Resources */ = {
			isa = PBXResourcesBuildPhase;
			buildActionMask = 2147483647;
			files = (
			);
			runOnlyForDeploymentPostprocessing = 0;
		};
		BFB24B2D2643795B00A50ED0 /* Resources */ = {
			isa = PBXResourcesBuildPhase;
			buildActionMask = 2147483647;
			files = (
			);
			runOnlyForDeploymentPostprocessing = 0;
		};
/* End PBXResourcesBuildPhase section */

/* Begin PBXSourcesBuildPhase section */
		BF236C3C26422869003BED67 /* Sources */ = {
			isa = PBXSourcesBuildPhase;
			buildActionMask = 2147483647;
			files = (
				BF236C61264228F6003BED67 /* FeedLoader.swift in Sources */,
			);
			runOnlyForDeploymentPostprocessing = 0;
		};
		BF236C4D26422885003BED67 /* Sources */ = {
			isa = PBXSourcesBuildPhase;
			buildActionMask = 2147483647;
			files = (
			);
			runOnlyForDeploymentPostprocessing = 0;
		};
		BFB24B10264378FD00A50ED0 /* Sources */ = {
			isa = PBXSourcesBuildPhase;
			buildActionMask = 2147483647;
			files = (
			);
			runOnlyForDeploymentPostprocessing = 0;
		};
		BFB24B2B2643795B00A50ED0 /* Sources */ = {
			isa = PBXSourcesBuildPhase;
			buildActionMask = 2147483647;
			files = (
				BFE36ECA2644C86D00D21862 /* XCTestCase+Extension.swift in Sources */,
				BFE36EBC2644C66C00D21862 /* FeedUIIntegrationTests.swift in Sources */,
				BFB24B412643797600A50ED0 /* FeedControllerTests.swift in Sources */,
				BFE36EC22644C80D00D21862 /* FeedLoaderMock.swift in Sources */,
			);
			runOnlyForDeploymentPostprocessing = 0;
		};
/* End PBXSourcesBuildPhase section */

/* Begin PBXTargetDependency section */
		BF236C5826422885003BED67 /* PBXTargetDependency */ = {
			isa = PBXTargetDependency;
			target = BF236C3F26422869003BED67 /* MainDispatchQueueDecorator */;
			targetProxy = BF236C5726422885003BED67 /* PBXContainerItemProxy */;
		};
		BFB24B232643790600A50ED0 /* PBXTargetDependency */ = {
			isa = PBXTargetDependency;
			platformFilter = ios;
			target = BF236C3F26422869003BED67 /* MainDispatchQueueDecorator */;
			targetProxy = BFB24B222643790600A50ED0 /* PBXContainerItemProxy */;
		};
		BFB24B362643795B00A50ED0 /* PBXTargetDependency */ = {
			isa = PBXTargetDependency;
			target = BFB24B13264378FD00A50ED0 /* MainDispatchQueueDecoratoriOS */;
			targetProxy = BFB24B352643795B00A50ED0 /* PBXContainerItemProxy */;
		};
/* End PBXTargetDependency section */

/* Begin XCBuildConfiguration section */
		BF236C4626422869003BED67 /* Debug */ = {
			isa = XCBuildConfiguration;
			buildSettings = {
				ALWAYS_SEARCH_USER_PATHS = NO;
				CLANG_ANALYZER_NONNULL = YES;
				CLANG_ANALYZER_NUMBER_OBJECT_CONVERSION = YES_AGGRESSIVE;
				CLANG_CXX_LANGUAGE_STANDARD = "gnu++14";
				CLANG_CXX_LIBRARY = "libc++";
				CLANG_ENABLE_MODULES = YES;
				CLANG_ENABLE_OBJC_ARC = YES;
				CLANG_ENABLE_OBJC_WEAK = YES;
				CLANG_WARN_BLOCK_CAPTURE_AUTORELEASING = YES;
				CLANG_WARN_BOOL_CONVERSION = YES;
				CLANG_WARN_COMMA = YES;
				CLANG_WARN_CONSTANT_CONVERSION = YES;
				CLANG_WARN_DEPRECATED_OBJC_IMPLEMENTATIONS = YES;
				CLANG_WARN_DIRECT_OBJC_ISA_USAGE = YES_ERROR;
				CLANG_WARN_DOCUMENTATION_COMMENTS = YES;
				CLANG_WARN_EMPTY_BODY = YES;
				CLANG_WARN_ENUM_CONVERSION = YES;
				CLANG_WARN_INFINITE_RECURSION = YES;
				CLANG_WARN_INT_CONVERSION = YES;
				CLANG_WARN_NON_LITERAL_NULL_CONVERSION = YES;
				CLANG_WARN_OBJC_IMPLICIT_RETAIN_SELF = YES;
				CLANG_WARN_OBJC_LITERAL_CONVERSION = YES;
				CLANG_WARN_OBJC_ROOT_CLASS = YES_ERROR;
				CLANG_WARN_QUOTED_INCLUDE_IN_FRAMEWORK_HEADER = YES;
				CLANG_WARN_RANGE_LOOP_ANALYSIS = YES;
				CLANG_WARN_STRICT_PROTOTYPES = YES;
				CLANG_WARN_SUSPICIOUS_MOVE = YES;
				CLANG_WARN_UNGUARDED_AVAILABILITY = YES_AGGRESSIVE;
				CLANG_WARN_UNREACHABLE_CODE = YES;
				CLANG_WARN__DUPLICATE_METHOD_MATCH = YES;
				COPY_PHASE_STRIP = NO;
				CURRENT_PROJECT_VERSION = 1;
				DEBUG_INFORMATION_FORMAT = dwarf;
				ENABLE_STRICT_OBJC_MSGSEND = YES;
				ENABLE_TESTABILITY = YES;
				GCC_C_LANGUAGE_STANDARD = gnu11;
				GCC_DYNAMIC_NO_PIC = NO;
				GCC_NO_COMMON_BLOCKS = YES;
				GCC_OPTIMIZATION_LEVEL = 0;
				GCC_PREPROCESSOR_DEFINITIONS = (
					"DEBUG=1",
					"$(inherited)",
				);
				GCC_WARN_64_TO_32_BIT_CONVERSION = YES;
				GCC_WARN_ABOUT_RETURN_TYPE = YES_ERROR;
				GCC_WARN_UNDECLARED_SELECTOR = YES;
				GCC_WARN_UNINITIALIZED_AUTOS = YES_AGGRESSIVE;
				GCC_WARN_UNUSED_FUNCTION = YES;
				GCC_WARN_UNUSED_VARIABLE = YES;
				MACOSX_DEPLOYMENT_TARGET = 10.15;
				MTL_ENABLE_DEBUG_INFO = INCLUDE_SOURCE;
				MTL_FAST_MATH = YES;
				ONLY_ACTIVE_ARCH = YES;
				SDKROOT = macosx;
				SWIFT_ACTIVE_COMPILATION_CONDITIONS = DEBUG;
				SWIFT_OPTIMIZATION_LEVEL = "-Onone";
				VERSIONING_SYSTEM = "apple-generic";
				VERSION_INFO_PREFIX = "";
			};
			name = Debug;
		};
		BF236C4726422869003BED67 /* Release */ = {
			isa = XCBuildConfiguration;
			buildSettings = {
				ALWAYS_SEARCH_USER_PATHS = NO;
				CLANG_ANALYZER_NONNULL = YES;
				CLANG_ANALYZER_NUMBER_OBJECT_CONVERSION = YES_AGGRESSIVE;
				CLANG_CXX_LANGUAGE_STANDARD = "gnu++14";
				CLANG_CXX_LIBRARY = "libc++";
				CLANG_ENABLE_MODULES = YES;
				CLANG_ENABLE_OBJC_ARC = YES;
				CLANG_ENABLE_OBJC_WEAK = YES;
				CLANG_WARN_BLOCK_CAPTURE_AUTORELEASING = YES;
				CLANG_WARN_BOOL_CONVERSION = YES;
				CLANG_WARN_COMMA = YES;
				CLANG_WARN_CONSTANT_CONVERSION = YES;
				CLANG_WARN_DEPRECATED_OBJC_IMPLEMENTATIONS = YES;
				CLANG_WARN_DIRECT_OBJC_ISA_USAGE = YES_ERROR;
				CLANG_WARN_DOCUMENTATION_COMMENTS = YES;
				CLANG_WARN_EMPTY_BODY = YES;
				CLANG_WARN_ENUM_CONVERSION = YES;
				CLANG_WARN_INFINITE_RECURSION = YES;
				CLANG_WARN_INT_CONVERSION = YES;
				CLANG_WARN_NON_LITERAL_NULL_CONVERSION = YES;
				CLANG_WARN_OBJC_IMPLICIT_RETAIN_SELF = YES;
				CLANG_WARN_OBJC_LITERAL_CONVERSION = YES;
				CLANG_WARN_OBJC_ROOT_CLASS = YES_ERROR;
				CLANG_WARN_QUOTED_INCLUDE_IN_FRAMEWORK_HEADER = YES;
				CLANG_WARN_RANGE_LOOP_ANALYSIS = YES;
				CLANG_WARN_STRICT_PROTOTYPES = YES;
				CLANG_WARN_SUSPICIOUS_MOVE = YES;
				CLANG_WARN_UNGUARDED_AVAILABILITY = YES_AGGRESSIVE;
				CLANG_WARN_UNREACHABLE_CODE = YES;
				CLANG_WARN__DUPLICATE_METHOD_MATCH = YES;
				COPY_PHASE_STRIP = NO;
				CURRENT_PROJECT_VERSION = 1;
				DEBUG_INFORMATION_FORMAT = "dwarf-with-dsym";
				ENABLE_NS_ASSERTIONS = NO;
				ENABLE_STRICT_OBJC_MSGSEND = YES;
				GCC_C_LANGUAGE_STANDARD = gnu11;
				GCC_NO_COMMON_BLOCKS = YES;
				GCC_WARN_64_TO_32_BIT_CONVERSION = YES;
				GCC_WARN_ABOUT_RETURN_TYPE = YES_ERROR;
				GCC_WARN_UNDECLARED_SELECTOR = YES;
				GCC_WARN_UNINITIALIZED_AUTOS = YES_AGGRESSIVE;
				GCC_WARN_UNUSED_FUNCTION = YES;
				GCC_WARN_UNUSED_VARIABLE = YES;
				MACOSX_DEPLOYMENT_TARGET = 10.15;
				MTL_ENABLE_DEBUG_INFO = NO;
				MTL_FAST_MATH = YES;
				SDKROOT = macosx;
				SWIFT_COMPILATION_MODE = wholemodule;
				SWIFT_OPTIMIZATION_LEVEL = "-O";
				VERSIONING_SYSTEM = "apple-generic";
				VERSION_INFO_PREFIX = "";
			};
			name = Release;
		};
		BF236C4926422869003BED67 /* Debug */ = {
			isa = XCBuildConfiguration;
			buildSettings = {
				CLANG_ENABLE_MODULES = YES;
				CODE_SIGN_STYLE = Automatic;
				COMBINE_HIDPI_IMAGES = YES;
				DEFINES_MODULE = YES;
				DYLIB_COMPATIBILITY_VERSION = 1;
				DYLIB_CURRENT_VERSION = 1;
				DYLIB_INSTALL_NAME_BASE = "@rpath";
				INFOPLIST_FILE = MainDispatchQueueDecorator/Info.plist;
				INSTALL_PATH = "$(LOCAL_LIBRARY_DIR)/Frameworks";
				LD_RUNPATH_SEARCH_PATHS = (
					"$(inherited)",
					"@executable_path/../Frameworks",
					"@loader_path/Frameworks",
				);
				PRODUCT_BUNDLE_IDENTIFIER = wb.devs.MainDispatchQueueDecorator;
				PRODUCT_NAME = "$(TARGET_NAME:c99extidentifier)";
				SKIP_INSTALL = YES;
				SUPPORTED_PLATFORMS = "macosx iphonesimulator iphoneos";
				SWIFT_OPTIMIZATION_LEVEL = "-Onone";
				SWIFT_VERSION = 5.0;
			};
			name = Debug;
		};
		BF236C4A26422869003BED67 /* Release */ = {
			isa = XCBuildConfiguration;
			buildSettings = {
				CLANG_ENABLE_MODULES = YES;
				CODE_SIGN_STYLE = Automatic;
				COMBINE_HIDPI_IMAGES = YES;
				DEFINES_MODULE = YES;
				DYLIB_COMPATIBILITY_VERSION = 1;
				DYLIB_CURRENT_VERSION = 1;
				DYLIB_INSTALL_NAME_BASE = "@rpath";
				INFOPLIST_FILE = MainDispatchQueueDecorator/Info.plist;
				INSTALL_PATH = "$(LOCAL_LIBRARY_DIR)/Frameworks";
				LD_RUNPATH_SEARCH_PATHS = (
					"$(inherited)",
					"@executable_path/../Frameworks",
					"@loader_path/Frameworks",
				);
				PRODUCT_BUNDLE_IDENTIFIER = wb.devs.MainDispatchQueueDecorator;
				PRODUCT_NAME = "$(TARGET_NAME:c99extidentifier)";
				SKIP_INSTALL = YES;
				SUPPORTED_PLATFORMS = "macosx iphonesimulator iphoneos";
				SWIFT_VERSION = 5.0;
			};
			name = Release;
		};
		BF236C5A26422885003BED67 /* Debug */ = {
			isa = XCBuildConfiguration;
			buildSettings = {
				ALWAYS_EMBED_SWIFT_STANDARD_LIBRARIES = YES;
				CODE_SIGN_STYLE = Automatic;
				COMBINE_HIDPI_IMAGES = YES;
				INFOPLIST_FILE = MainDispatchQueueDecoratorTests/Info.plist;
				LD_RUNPATH_SEARCH_PATHS = (
					"$(inherited)",
					"@executable_path/../Frameworks",
					"@loader_path/../Frameworks",
				);
				PRODUCT_BUNDLE_IDENTIFIER = wb.devs.MainDispatchQueueDecoratorTests;
				PRODUCT_NAME = "$(TARGET_NAME)";
				SWIFT_VERSION = 5.0;
			};
			name = Debug;
		};
		BF236C5B26422885003BED67 /* Release */ = {
			isa = XCBuildConfiguration;
			buildSettings = {
				ALWAYS_EMBED_SWIFT_STANDARD_LIBRARIES = YES;
				CODE_SIGN_STYLE = Automatic;
				COMBINE_HIDPI_IMAGES = YES;
				INFOPLIST_FILE = MainDispatchQueueDecoratorTests/Info.plist;
				LD_RUNPATH_SEARCH_PATHS = (
					"$(inherited)",
					"@executable_path/../Frameworks",
					"@loader_path/../Frameworks",
				);
				PRODUCT_BUNDLE_IDENTIFIER = wb.devs.MainDispatchQueueDecoratorTests;
				PRODUCT_NAME = "$(TARGET_NAME)";
				SWIFT_VERSION = 5.0;
			};
			name = Release;
		};
		BFB24B1A264378FD00A50ED0 /* Debug */ = {
			isa = XCBuildConfiguration;
			buildSettings = {
				CLANG_ENABLE_MODULES = YES;
				CODE_SIGN_STYLE = Automatic;
				DEFINES_MODULE = YES;
				DYLIB_COMPATIBILITY_VERSION = 1;
				DYLIB_CURRENT_VERSION = 1;
				DYLIB_INSTALL_NAME_BASE = "@rpath";
				INFOPLIST_FILE = MainDispatchQueueDecoratoriOS/Info.plist;
				INSTALL_PATH = "$(LOCAL_LIBRARY_DIR)/Frameworks";
				IPHONEOS_DEPLOYMENT_TARGET = 14.4;
				LD_RUNPATH_SEARCH_PATHS = (
					"$(inherited)",
					"@executable_path/Frameworks",
					"@loader_path/Frameworks",
				);
				PRODUCT_BUNDLE_IDENTIFIER = wb.devs.MainDispatchQueueDecoratoriOS;
				PRODUCT_NAME = "$(TARGET_NAME:c99extidentifier)";
				SDKROOT = iphoneos;
				SKIP_INSTALL = YES;
				SWIFT_OPTIMIZATION_LEVEL = "-Onone";
				SWIFT_VERSION = 5.0;
				TARGETED_DEVICE_FAMILY = "1,2";
			};
			name = Debug;
		};
		BFB24B1B264378FD00A50ED0 /* Release */ = {
			isa = XCBuildConfiguration;
			buildSettings = {
				CLANG_ENABLE_MODULES = YES;
				CODE_SIGN_STYLE = Automatic;
				DEFINES_MODULE = YES;
				DYLIB_COMPATIBILITY_VERSION = 1;
				DYLIB_CURRENT_VERSION = 1;
				DYLIB_INSTALL_NAME_BASE = "@rpath";
				INFOPLIST_FILE = MainDispatchQueueDecoratoriOS/Info.plist;
				INSTALL_PATH = "$(LOCAL_LIBRARY_DIR)/Frameworks";
				IPHONEOS_DEPLOYMENT_TARGET = 14.4;
				LD_RUNPATH_SEARCH_PATHS = (
					"$(inherited)",
					"@executable_path/Frameworks",
					"@loader_path/Frameworks",
				);
				PRODUCT_BUNDLE_IDENTIFIER = wb.devs.MainDispatchQueueDecoratoriOS;
				PRODUCT_NAME = "$(TARGET_NAME:c99extidentifier)";
				SDKROOT = iphoneos;
				SKIP_INSTALL = YES;
				SWIFT_VERSION = 5.0;
				TARGETED_DEVICE_FAMILY = "1,2";
				VALIDATE_PRODUCT = YES;
			};
			name = Release;
		};
		BFB24B382643795B00A50ED0 /* Debug */ = {
			isa = XCBuildConfiguration;
			buildSettings = {
				CLANG_ENABLE_MODULES = YES;
				CODE_SIGN_STYLE = Automatic;
				INFOPLIST_FILE = MainDispatchQueueDecoratoriOSTests/Info.plist;
				IPHONEOS_DEPLOYMENT_TARGET = 14.4;
				LD_RUNPATH_SEARCH_PATHS = (
					"$(inherited)",
					"@executable_path/Frameworks",
					"@loader_path/Frameworks",
				);
				PRODUCT_BUNDLE_IDENTIFIER = wb.devs.MainDispatchQueueDecoratoriOSTests;
				PRODUCT_NAME = "$(TARGET_NAME)";
				SDKROOT = iphoneos;
				SWIFT_OPTIMIZATION_LEVEL = "-Onone";
				SWIFT_VERSION = 5.0;
				TARGETED_DEVICE_FAMILY = "1,2";
			};
			name = Debug;
		};
		BFB24B392643795B00A50ED0 /* Release */ = {
			isa = XCBuildConfiguration;
			buildSettings = {
				CLANG_ENABLE_MODULES = YES;
				CODE_SIGN_STYLE = Automatic;
				INFOPLIST_FILE = MainDispatchQueueDecoratoriOSTests/Info.plist;
				IPHONEOS_DEPLOYMENT_TARGET = 14.4;
				LD_RUNPATH_SEARCH_PATHS = (
					"$(inherited)",
					"@executable_path/Frameworks",
					"@loader_path/Frameworks",
				);
				PRODUCT_BUNDLE_IDENTIFIER = wb.devs.MainDispatchQueueDecoratoriOSTests;
				PRODUCT_NAME = "$(TARGET_NAME)";
				SDKROOT = iphoneos;
				SWIFT_VERSION = 5.0;
				TARGETED_DEVICE_FAMILY = "1,2";
				VALIDATE_PRODUCT = YES;
			};
			name = Release;
		};
/* End XCBuildConfiguration section */

/* Begin XCConfigurationList section */
		BF236C3A26422869003BED67 /* Build configuration list for PBXProject "MainDispatchQueueDecorator" */ = {
			isa = XCConfigurationList;
			buildConfigurations = (
				BF236C4626422869003BED67 /* Debug */,
				BF236C4726422869003BED67 /* Release */,
			);
			defaultConfigurationIsVisible = 0;
			defaultConfigurationName = Release;
		};
		BF236C4826422869003BED67 /* Build configuration list for PBXNativeTarget "MainDispatchQueueDecorator" */ = {
			isa = XCConfigurationList;
			buildConfigurations = (
				BF236C4926422869003BED67 /* Debug */,
				BF236C4A26422869003BED67 /* Release */,
			);
			defaultConfigurationIsVisible = 0;
			defaultConfigurationName = Release;
		};
		BF236C5926422885003BED67 /* Build configuration list for PBXNativeTarget "MainDispatchQueueDecoratorTests" */ = {
			isa = XCConfigurationList;
			buildConfigurations = (
				BF236C5A26422885003BED67 /* Debug */,
				BF236C5B26422885003BED67 /* Release */,
			);
			defaultConfigurationIsVisible = 0;
			defaultConfigurationName = Release;
		};
		BFB24B19264378FD00A50ED0 /* Build configuration list for PBXNativeTarget "MainDispatchQueueDecoratoriOS" */ = {
			isa = XCConfigurationList;
			buildConfigurations = (
				BFB24B1A264378FD00A50ED0 /* Debug */,
				BFB24B1B264378FD00A50ED0 /* Release */,
			);
			defaultConfigurationIsVisible = 0;
			defaultConfigurationName = Release;
		};
		BFB24B372643795B00A50ED0 /* Build configuration list for PBXNativeTarget "MainDispatchQueueDecoratoriOSTests" */ = {
			isa = XCConfigurationList;
			buildConfigurations = (
				BFB24B382643795B00A50ED0 /* Debug */,
				BFB24B392643795B00A50ED0 /* Release */,
			);
			defaultConfigurationIsVisible = 0;
			defaultConfigurationName = Release;
		};
/* End XCConfigurationList section */
	};
	rootObject = BF236C3726422869003BED67 /* Project object */;
}
