// !$*UTF8*$!
{
	archiveVersion = 1;
	classes = {
	};
	objectVersion = 50;
	objects = {

/* Begin PBXBuildFile section */
		AC22597B25F57F1D00711670 /* AppDelegate.swift in Sources */ = {isa = PBXBuildFile; fileRef = AC22597A25F57F1D00711670 /* AppDelegate.swift */; };
		AC22597D25F57F1D00711670 /* SceneDelegate.swift in Sources */ = {isa = PBXBuildFile; fileRef = AC22597C25F57F1D00711670 /* SceneDelegate.swift */; };
		AC22597F25F57F1D00711670 /* ViewController.swift in Sources */ = {isa = PBXBuildFile; fileRef = AC22597E25F57F1D00711670 /* ViewController.swift */; };
		AC22598225F57F1D00711670 /* Main.storyboard in Resources */ = {isa = PBXBuildFile; fileRef = AC22598025F57F1D00711670 /* Main.storyboard */; };
		AC22598425F57F1E00711670 /* Assets.xcassets in Resources */ = {isa = PBXBuildFile; fileRef = AC22598325F57F1E00711670 /* Assets.xcassets */; };
		AC22598725F57F1E00711670 /* LaunchScreen.storyboard in Resources */ = {isa = PBXBuildFile; fileRef = AC22598525F57F1E00711670 /* LaunchScreen.storyboard */; };
		AC22599025F5801400711670 /* OnePlayerViewViewController.storyboard in Resources */ = {isa = PBXBuildFile; fileRef = AC22598F25F5801400711670 /* OnePlayerViewViewController.storyboard */; };
		AC22599725F5803F00711670 /* MultiplayerViewController.storyboard in Resources */ = {isa = PBXBuildFile; fileRef = AC22599625F5803F00711670 /* MultiplayerViewController.storyboard */; };
		AC22599A25F5813200711670 /* PlayerScoreView.storyboard in Resources */ = {isa = PBXBuildFile; fileRef = AC22599925F5813200711670 /* PlayerScoreView.storyboard */; };
		AC2259A125F597EE00711670 /* PayerTwoScoreView.storyboard in Resources */ = {isa = PBXBuildFile; fileRef = AC2259A025F597EE00711670 /* PayerTwoScoreView.storyboard */; };
		AC2259A425F598F400711670 /* PayerScoreViewController.swift in Sources */ = {isa = PBXBuildFile; fileRef = AC2259A325F598F400711670 /* PayerScoreViewController.swift */; };
		AC2259AC25F59A3A00711670 /* SinglePlayerViewController.swift in Sources */ = {isa = PBXBuildFile; fileRef = AC2259AB25F59A3A00711670 /* SinglePlayerViewController.swift */; };
		AC2259B025F59E4F00711670 /* MultiplayerViewController.swift in Sources */ = {isa = PBXBuildFile; fileRef = AC2259AF25F59E4F00711670 /* MultiplayerViewController.swift */; };
		AC2259C725F5A78400711670 /* PlayerScoreViewControllerStoryboardTests.swift in Sources */ = {isa = PBXBuildFile; fileRef = AC2259C625F5A78400711670 /* PlayerScoreViewControllerStoryboardTests.swift */; };
/* End PBXBuildFile section */

/* Begin PBXContainerItemProxy section */
		AC2259BF25F5A76200711670 /* PBXContainerItemProxy */ = {
			isa = PBXContainerItemProxy;
			containerPortal = AC22596F25F57F1D00711670 /* Project object */;
			proxyType = 1;
			remoteGlobalIDString = AC22597625F57F1D00711670;
			remoteInfo = ModularStoryboardApp;
		};
/* End PBXContainerItemProxy section */

/* Begin PBXFileReference section */
		AC22597725F57F1D00711670 /* ModularStoryboardApp.app */ = {isa = PBXFileReference; explicitFileType = wrapper.application; includeInIndex = 0; path = ModularStoryboardApp.app; sourceTree = BUILT_PRODUCTS_DIR; };
		AC22597A25F57F1D00711670 /* AppDelegate.swift */ = {isa = PBXFileReference; lastKnownFileType = sourcecode.swift; path = AppDelegate.swift; sourceTree = "<group>"; };
		AC22597C25F57F1D00711670 /* SceneDelegate.swift */ = {isa = PBXFileReference; lastKnownFileType = sourcecode.swift; path = SceneDelegate.swift; sourceTree = "<group>"; };
		AC22597E25F57F1D00711670 /* ViewController.swift */ = {isa = PBXFileReference; lastKnownFileType = sourcecode.swift; path = ViewController.swift; sourceTree = "<group>"; };
		AC22598125F57F1D00711670 /* Base */ = {isa = PBXFileReference; lastKnownFileType = file.storyboard; name = Base; path = Base.lproj/Main.storyboard; sourceTree = "<group>"; };
		AC22598325F57F1E00711670 /* Assets.xcassets */ = {isa = PBXFileReference; lastKnownFileType = folder.assetcatalog; path = Assets.xcassets; sourceTree = "<group>"; };
		AC22598625F57F1E00711670 /* Base */ = {isa = PBXFileReference; lastKnownFileType = file.storyboard; name = Base; path = Base.lproj/LaunchScreen.storyboard; sourceTree = "<group>"; };
		AC22598825F57F1E00711670 /* Info.plist */ = {isa = PBXFileReference; lastKnownFileType = text.plist.xml; path = Info.plist; sourceTree = "<group>"; };
		AC22598F25F5801400711670 /* OnePlayerViewViewController.storyboard */ = {isa = PBXFileReference; lastKnownFileType = file.storyboard; path = OnePlayerViewViewController.storyboard; sourceTree = "<group>"; };
		AC22599625F5803F00711670 /* MultiplayerViewController.storyboard */ = {isa = PBXFileReference; lastKnownFileType = file.storyboard; path = MultiplayerViewController.storyboard; sourceTree = "<group>"; };
		AC22599925F5813200711670 /* PlayerScoreView.storyboard */ = {isa = PBXFileReference; lastKnownFileType = file.storyboard; path = PlayerScoreView.storyboard; sourceTree = "<group>"; };
		AC2259A025F597EE00711670 /* PayerTwoScoreView.storyboard */ = {isa = PBXFileReference; lastKnownFileType = file.storyboard; path = PayerTwoScoreView.storyboard; sourceTree = "<group>"; };
		AC2259A325F598F400711670 /* PayerScoreViewController.swift */ = {isa = PBXFileReference; lastKnownFileType = sourcecode.swift; path = PayerScoreViewController.swift; sourceTree = "<group>"; };
		AC2259AB25F59A3A00711670 /* SinglePlayerViewController.swift */ = {isa = PBXFileReference; lastKnownFileType = sourcecode.swift; path = SinglePlayerViewController.swift; sourceTree = "<group>"; };
		AC2259AF25F59E4F00711670 /* MultiplayerViewController.swift */ = {isa = PBXFileReference; lastKnownFileType = sourcecode.swift; path = MultiplayerViewController.swift; sourceTree = "<group>"; };
		AC2259BA25F5A76200711670 /* ModularStoryboardAppTests.xctest */ = {isa = PBXFileReference; explicitFileType = wrapper.cfbundle; includeInIndex = 0; path = ModularStoryboardAppTests.xctest; sourceTree = BUILT_PRODUCTS_DIR; };
		AC2259BE25F5A76200711670 /* Info.plist */ = {isa = PBXFileReference; lastKnownFileType = text.plist.xml; path = Info.plist; sourceTree = "<group>"; };
		AC2259C625F5A78400711670 /* PlayerScoreViewControllerStoryboardTests.swift */ = {isa = PBXFileReference; lastKnownFileType = sourcecode.swift; path = PlayerScoreViewControllerStoryboardTests.swift; sourceTree = "<group>"; };
/* End PBXFileReference section */

/* Begin PBXFrameworksBuildPhase section */
		AC22597425F57F1D00711670 /* Frameworks */ = {
			isa = PBXFrameworksBuildPhase;
			buildActionMask = 2147483647;
			files = (
			);
			runOnlyForDeploymentPostprocessing = 0;
		};
		AC2259B725F5A76100711670 /* Frameworks */ = {
			isa = PBXFrameworksBuildPhase;
			buildActionMask = 2147483647;
			files = (
			);
			runOnlyForDeploymentPostprocessing = 0;
		};
/* End PBXFrameworksBuildPhase section */

/* Begin PBXGroup section */
		AC22596E25F57F1D00711670 = {
			isa = PBXGroup;
			children = (
				AC22597925F57F1D00711670 /* ModularStoryboardApp */,
				AC2259BB25F5A76200711670 /* ModularStoryboardAppTests */,
				AC22597825F57F1D00711670 /* Products */,
			);
			sourceTree = "<group>";
		};
		AC22597825F57F1D00711670 /* Products */ = {
			isa = PBXGroup;
			children = (
				AC22597725F57F1D00711670 /* ModularStoryboardApp.app */,
				AC2259BA25F5A76200711670 /* ModularStoryboardAppTests.xctest */,
			);
			name = Products;
			sourceTree = "<group>";
		};
		AC22597925F57F1D00711670 /* ModularStoryboardApp */ = {
			isa = PBXGroup;
			children = (
				AC2259B525F5A5A900711670 /* Main */,
				AC2259B225F5A57E00711670 /* UI */,
				AC22598325F57F1E00711670 /* Assets.xcassets */,
				AC22598525F57F1E00711670 /* LaunchScreen.storyboard */,
				AC22598825F57F1E00711670 /* Info.plist */,
			);
			path = ModularStoryboardApp;
			sourceTree = "<group>";
		};
		AC2259B225F5A57E00711670 /* UI */ = {
			isa = PBXGroup;
			children = (
				AC2259B425F5A59500711670 /* ViewControllers */,
				AC2259B325F5A58300711670 /* Storyboards */,
			);
			path = UI;
			sourceTree = "<group>";
		};
		AC2259B325F5A58300711670 /* Storyboards */ = {
			isa = PBXGroup;
			children = (
				AC22598F25F5801400711670 /* OnePlayerViewViewController.storyboard */,
				AC22599625F5803F00711670 /* MultiplayerViewController.storyboard */,
				AC22599925F5813200711670 /* PlayerScoreView.storyboard */,
				AC2259A025F597EE00711670 /* PayerTwoScoreView.storyboard */,
			);
			path = Storyboards;
			sourceTree = "<group>";
		};
		AC2259B425F5A59500711670 /* ViewControllers */ = {
			isa = PBXGroup;
			children = (
				AC2259A325F598F400711670 /* PayerScoreViewController.swift */,
				AC2259AB25F59A3A00711670 /* SinglePlayerViewController.swift */,
				AC2259AF25F59E4F00711670 /* MultiplayerViewController.swift */,
			);
			path = ViewControllers;
			sourceTree = "<group>";
		};
		AC2259B525F5A5A900711670 /* Main */ = {
			isa = PBXGroup;
			children = (
				AC22597A25F57F1D00711670 /* AppDelegate.swift */,
				AC22597C25F57F1D00711670 /* SceneDelegate.swift */,
				AC22597E25F57F1D00711670 /* ViewController.swift */,
				AC22598025F57F1D00711670 /* Main.storyboard */,
			);
			path = Main;
			sourceTree = "<group>";
		};
		AC2259BB25F5A76200711670 /* ModularStoryboardAppTests */ = {
			isa = PBXGroup;
			children = (
				AC2259BE25F5A76200711670 /* Info.plist */,
				AC2259C625F5A78400711670 /* PlayerScoreViewControllerStoryboardTests.swift */,
			);
			path = ModularStoryboardAppTests;
			sourceTree = "<group>";
		};
/* End PBXGroup section */

/* Begin PBXNativeTarget section */
		AC22597625F57F1D00711670 /* ModularStoryboardApp */ = {
			isa = PBXNativeTarget;
			buildConfigurationList = AC22598B25F57F1E00711670 /* Build configuration list for PBXNativeTarget "ModularStoryboardApp" */;
			buildPhases = (
				AC22597325F57F1D00711670 /* Sources */,
				AC22597425F57F1D00711670 /* Frameworks */,
				AC22597525F57F1D00711670 /* Resources */,
			);
			buildRules = (
			);
			dependencies = (
			);
			name = ModularStoryboardApp;
			productName = ModularStoryboardApp;
			productReference = AC22597725F57F1D00711670 /* ModularStoryboardApp.app */;
			productType = "com.apple.product-type.application";
		};
		AC2259B925F5A76100711670 /* ModularStoryboardAppTests */ = {
			isa = PBXNativeTarget;
			buildConfigurationList = AC2259C125F5A76200711670 /* Build configuration list for PBXNativeTarget "ModularStoryboardAppTests" */;
			buildPhases = (
				AC2259B625F5A76100711670 /* Sources */,
				AC2259B725F5A76100711670 /* Frameworks */,
				AC2259B825F5A76100711670 /* Resources */,
			);
			buildRules = (
			);
			dependencies = (
				AC2259C025F5A76200711670 /* PBXTargetDependency */,
			);
			name = ModularStoryboardAppTests;
			productName = ModularStoryboardAppTests;
			productReference = AC2259BA25F5A76200711670 /* ModularStoryboardAppTests.xctest */;
			productType = "com.apple.product-type.bundle.unit-test";
		};
/* End PBXNativeTarget section */

/* Begin PBXProject section */
		AC22596F25F57F1D00711670 /* Project object */ = {
			isa = PBXProject;
			attributes = {
				LastSwiftUpdateCheck = 1220;
				LastUpgradeCheck = 1220;
				TargetAttributes = {
					AC22597625F57F1D00711670 = {
						CreatedOnToolsVersion = 12.2;
					};
					AC2259B925F5A76100711670 = {
						CreatedOnToolsVersion = 12.2;
						TestTargetID = AC22597625F57F1D00711670;
					};
				};
			};
			buildConfigurationList = AC22597225F57F1D00711670 /* Build configuration list for PBXProject "ModularStoryboardApp" */;
			compatibilityVersion = "Xcode 9.3";
			developmentRegion = en;
			hasScannedForEncodings = 0;
			knownRegions = (
				en,
				Base,
			);
			mainGroup = AC22596E25F57F1D00711670;
			productRefGroup = AC22597825F57F1D00711670 /* Products */;
			projectDirPath = "";
			projectRoot = "";
			targets = (
				AC22597625F57F1D00711670 /* ModularStoryboardApp */,
				AC2259B925F5A76100711670 /* ModularStoryboardAppTests */,
			);
		};
/* End PBXProject section */

/* Begin PBXResourcesBuildPhase section */
		AC22597525F57F1D00711670 /* Resources */ = {
			isa = PBXResourcesBuildPhase;
			buildActionMask = 2147483647;
			files = (
				AC2259A125F597EE00711670 /* PayerTwoScoreView.storyboard in Resources */,
				AC22598725F57F1E00711670 /* LaunchScreen.storyboard in Resources */,
				AC22598425F57F1E00711670 /* Assets.xcassets in Resources */,
				AC22599025F5801400711670 /* OnePlayerViewViewController.storyboard in Resources */,
				AC22599A25F5813200711670 /* PlayerScoreView.storyboard in Resources */,
				AC22598225F57F1D00711670 /* Main.storyboard in Resources */,
				AC22599725F5803F00711670 /* MultiplayerViewController.storyboard in Resources */,
			);
			runOnlyForDeploymentPostprocessing = 0;
		};
		AC2259B825F5A76100711670 /* Resources */ = {
			isa = PBXResourcesBuildPhase;
			buildActionMask = 2147483647;
			files = (
			);
			runOnlyForDeploymentPostprocessing = 0;
		};
/* End PBXResourcesBuildPhase section */

/* Begin PBXSourcesBuildPhase section */
		AC22597325F57F1D00711670 /* Sources */ = {
			isa = PBXSourcesBuildPhase;
			buildActionMask = 2147483647;
			files = (
				AC22597F25F57F1D00711670 /* ViewController.swift in Sources */,
				AC2259B025F59E4F00711670 /* MultiplayerViewController.swift in Sources */,
				AC2259A425F598F400711670 /* PayerScoreViewController.swift in Sources */,
				AC22597B25F57F1D00711670 /* AppDelegate.swift in Sources */,
				AC22597D25F57F1D00711670 /* SceneDelegate.swift in Sources */,
				AC2259AC25F59A3A00711670 /* SinglePlayerViewController.swift in Sources */,
			);
			runOnlyForDeploymentPostprocessing = 0;
		};
		AC2259B625F5A76100711670 /* Sources */ = {
			isa = PBXSourcesBuildPhase;
			buildActionMask = 2147483647;
			files = (
				AC2259C725F5A78400711670 /* PlayerScoreViewControllerStoryboardTests.swift in Sources */,
			);
			runOnlyForDeploymentPostprocessing = 0;
		};
/* End PBXSourcesBuildPhase section */

/* Begin PBXTargetDependency section */
		AC2259C025F5A76200711670 /* PBXTargetDependency */ = {
			isa = PBXTargetDependency;
			target = AC22597625F57F1D00711670 /* ModularStoryboardApp */;
			targetProxy = AC2259BF25F5A76200711670 /* PBXContainerItemProxy */;
		};
/* End PBXTargetDependency section */

/* Begin PBXVariantGroup section */
		AC22598025F57F1D00711670 /* Main.storyboard */ = {
			isa = PBXVariantGroup;
			children = (
				AC22598125F57F1D00711670 /* Base */,
			);
			name = Main.storyboard;
			sourceTree = "<group>";
		};
		AC22598525F57F1E00711670 /* LaunchScreen.storyboard */ = {
			isa = PBXVariantGroup;
			children = (
				AC22598625F57F1E00711670 /* Base */,
			);
			name = LaunchScreen.storyboard;
			sourceTree = "<group>";
		};
/* End PBXVariantGroup section */

/* Begin XCBuildConfiguration section */
		AC22598925F57F1E00711670 /* Debug */ = {
			isa = XCBuildConfiguration;
			buildSettings = {
				ALWAYS_SEARCH_USER_PATHS = NO;
				CLANG_ANALYZER_NONNULL = YES;
				CLANG_ANALYZER_NUMBER_OBJECT_CONVERSION = YES_AGGRESSIVE;
				CLANG_CXX_LANGUAGE_STANDARD = "gnu++14";
				CLANG_CXX_LIBRARY = "libc++";
				CLANG_ENABLE_MODULES = YES;
				CLANG_ENABLE_OBJC_ARC = YES;
				CLANG_ENABLE_OBJC_WEAK = YES;
				CLANG_WARN_BLOCK_CAPTURE_AUTORELEASING = YES;
				CLANG_WARN_BOOL_CONVERSION = YES;
				CLANG_WARN_COMMA = YES;
				CLANG_WARN_CONSTANT_CONVERSION = YES;
				CLANG_WARN_DEPRECATED_OBJC_IMPLEMENTATIONS = YES;
				CLANG_WARN_DIRECT_OBJC_ISA_USAGE = YES_ERROR;
				CLANG_WARN_DOCUMENTATION_COMMENTS = YES;
				CLANG_WARN_EMPTY_BODY = YES;
				CLANG_WARN_ENUM_CONVERSION = YES;
				CLANG_WARN_INFINITE_RECURSION = YES;
				CLANG_WARN_INT_CONVERSION = YES;
				CLANG_WARN_NON_LITERAL_NULL_CONVERSION = YES;
				CLANG_WARN_OBJC_IMPLICIT_RETAIN_SELF = YES;
				CLANG_WARN_OBJC_LITERAL_CONVERSION = YES;
				CLANG_WARN_OBJC_ROOT_CLASS = YES_ERROR;
				CLANG_WARN_QUOTED_INCLUDE_IN_FRAMEWORK_HEADER = YES;
				CLANG_WARN_RANGE_LOOP_ANALYSIS = YES;
				CLANG_WARN_STRICT_PROTOTYPES = YES;
				CLANG_WARN_SUSPICIOUS_MOVE = YES;
				CLANG_WARN_UNGUARDED_AVAILABILITY = YES_AGGRESSIVE;
				CLANG_WARN_UNREACHABLE_CODE = YES;
				CLANG_WARN__DUPLICATE_METHOD_MATCH = YES;
				COPY_PHASE_STRIP = NO;
				DEBUG_INFORMATION_FORMAT = dwarf;
				ENABLE_STRICT_OBJC_MSGSEND = YES;
				ENABLE_TESTABILITY = YES;
				GCC_C_LANGUAGE_STANDARD = gnu11;
				GCC_DYNAMIC_NO_PIC = NO;
				GCC_NO_COMMON_BLOCKS = YES;
				GCC_OPTIMIZATION_LEVEL = 0;
				GCC_PREPROCESSOR_DEFINITIONS = (
					"DEBUG=1",
					"$(inherited)",
				);
				GCC_WARN_64_TO_32_BIT_CONVERSION = YES;
				GCC_WARN_ABOUT_RETURN_TYPE = YES_ERROR;
				GCC_WARN_UNDECLARED_SELECTOR = YES;
				GCC_WARN_UNINITIALIZED_AUTOS = YES_AGGRESSIVE;
				GCC_WARN_UNUSED_FUNCTION = YES;
				GCC_WARN_UNUSED_VARIABLE = YES;
				IPHONEOS_DEPLOYMENT_TARGET = 14.2;
				MTL_ENABLE_DEBUG_INFO = INCLUDE_SOURCE;
				MTL_FAST_MATH = YES;
				ONLY_ACTIVE_ARCH = YES;
				SDKROOT = iphoneos;
				SWIFT_ACTIVE_COMPILATION_CONDITIONS = DEBUG;
				SWIFT_OPTIMIZATION_LEVEL = "-Onone";
			};
			name = Debug;
		};
		AC22598A25F57F1E00711670 /* Release */ = {
			isa = XCBuildConfiguration;
			buildSettings = {
				ALWAYS_SEARCH_USER_PATHS = NO;
				CLANG_ANALYZER_NONNULL = YES;
				CLANG_ANALYZER_NUMBER_OBJECT_CONVERSION = YES_AGGRESSIVE;
				CLANG_CXX_LANGUAGE_STANDARD = "gnu++14";
				CLANG_CXX_LIBRARY = "libc++";
				CLANG_ENABLE_MODULES = YES;
				CLANG_ENABLE_OBJC_ARC = YES;
				CLANG_ENABLE_OBJC_WEAK = YES;
				CLANG_WARN_BLOCK_CAPTURE_AUTORELEASING = YES;
				CLANG_WARN_BOOL_CONVERSION = YES;
				CLANG_WARN_COMMA = YES;
				CLANG_WARN_CONSTANT_CONVERSION = YES;
				CLANG_WARN_DEPRECATED_OBJC_IMPLEMENTATIONS = YES;
				CLANG_WARN_DIRECT_OBJC_ISA_USAGE = YES_ERROR;
				CLANG_WARN_DOCUMENTATION_COMMENTS = YES;
				CLANG_WARN_EMPTY_BODY = YES;
				CLANG_WARN_ENUM_CONVERSION = YES;
				CLANG_WARN_INFINITE_RECURSION = YES;
				CLANG_WARN_INT_CONVERSION = YES;
				CLANG_WARN_NON_LITERAL_NULL_CONVERSION = YES;
				CLANG_WARN_OBJC_IMPLICIT_RETAIN_SELF = YES;
				CLANG_WARN_OBJC_LITERAL_CONVERSION = YES;
				CLANG_WARN_OBJC_ROOT_CLASS = YES_ERROR;
				CLANG_WARN_QUOTED_INCLUDE_IN_FRAMEWORK_HEADER = YES;
				CLANG_WARN_RANGE_LOOP_ANALYSIS = YES;
				CLANG_WARN_STRICT_PROTOTYPES = YES;
				CLANG_WARN_SUSPICIOUS_MOVE = YES;
				CLANG_WARN_UNGUARDED_AVAILABILITY = YES_AGGRESSIVE;
				CLANG_WARN_UNREACHABLE_CODE = YES;
				CLANG_WARN__DUPLICATE_METHOD_MATCH = YES;
				COPY_PHASE_STRIP = NO;
				DEBUG_INFORMATION_FORMAT = "dwarf-with-dsym";
				ENABLE_NS_ASSERTIONS = NO;
				ENABLE_STRICT_OBJC_MSGSEND = YES;
				GCC_C_LANGUAGE_STANDARD = gnu11;
				GCC_NO_COMMON_BLOCKS = YES;
				GCC_WARN_64_TO_32_BIT_CONVERSION = YES;
				GCC_WARN_ABOUT_RETURN_TYPE = YES_ERROR;
				GCC_WARN_UNDECLARED_SELECTOR = YES;
				GCC_WARN_UNINITIALIZED_AUTOS = YES_AGGRESSIVE;
				GCC_WARN_UNUSED_FUNCTION = YES;
				GCC_WARN_UNUSED_VARIABLE = YES;
				IPHONEOS_DEPLOYMENT_TARGET = 14.2;
				MTL_ENABLE_DEBUG_INFO = NO;
				MTL_FAST_MATH = YES;
				SDKROOT = iphoneos;
				SWIFT_COMPILATION_MODE = wholemodule;
				SWIFT_OPTIMIZATION_LEVEL = "-O";
				VALIDATE_PRODUCT = YES;
			};
			name = Release;
		};
		AC22598C25F57F1E00711670 /* Debug */ = {
			isa = XCBuildConfiguration;
			buildSettings = {
				ASSETCATALOG_COMPILER_APPICON_NAME = AppIcon;
				ASSETCATALOG_COMPILER_GLOBAL_ACCENT_COLOR_NAME = AccentColor;
				CODE_SIGN_STYLE = Automatic;
				INFOPLIST_FILE = ModularStoryboardApp/Info.plist;
				LD_RUNPATH_SEARCH_PATHS = (
					"$(inherited)",
					"@executable_path/Frameworks",
				);
				PRODUCT_BUNDLE_IDENTIFIER = wb.devs.ModularStoryboardApp;
				PRODUCT_NAME = "$(TARGET_NAME)";
				SWIFT_VERSION = 5.0;
				TARGETED_DEVICE_FAMILY = "1,2";
			};
			name = Debug;
		};
		AC22598D25F57F1E00711670 /* Release */ = {
			isa = XCBuildConfiguration;
			buildSettings = {
				ASSETCATALOG_COMPILER_APPICON_NAME = AppIcon;
				ASSETCATALOG_COMPILER_GLOBAL_ACCENT_COLOR_NAME = AccentColor;
				CODE_SIGN_STYLE = Automatic;
				INFOPLIST_FILE = ModularStoryboardApp/Info.plist;
				LD_RUNPATH_SEARCH_PATHS = (
					"$(inherited)",
					"@executable_path/Frameworks",
				);
				PRODUCT_BUNDLE_IDENTIFIER = wb.devs.ModularStoryboardApp;
				PRODUCT_NAME = "$(TARGET_NAME)";
				SWIFT_VERSION = 5.0;
				TARGETED_DEVICE_FAMILY = "1,2";
			};
			name = Release;
		};
		AC2259C225F5A76200711670 /* Debug */ = {
			isa = XCBuildConfiguration;
			buildSettings = {
				BUNDLE_LOADER = "$(TEST_HOST)";
				CODE_SIGN_STYLE = Automatic;
				INFOPLIST_FILE = ModularStoryboardAppTests/Info.plist;
				LD_RUNPATH_SEARCH_PATHS = (
					"$(inherited)",
					"@executable_path/Frameworks",
					"@loader_path/Frameworks",
				);
				PRODUCT_BUNDLE_IDENTIFIER = wb.devs.ModularStoryboardAppTests;
				PRODUCT_NAME = "$(TARGET_NAME)";
				SWIFT_VERSION = 5.0;
				TARGETED_DEVICE_FAMILY = "1,2";
				TEST_HOST = "$(BUILT_PRODUCTS_DIR)/ModularStoryboardApp.app/ModularStoryboardApp";
			};
			name = Debug;
		};
		AC2259C325F5A76200711670 /* Release */ = {
			isa = XCBuildConfiguration;
			buildSettings = {
				BUNDLE_LOADER = "$(TEST_HOST)";
				CODE_SIGN_STYLE = Automatic;
				INFOPLIST_FILE = ModularStoryboardAppTests/Info.plist;
				LD_RUNPATH_SEARCH_PATHS = (
					"$(inherited)",
					"@executable_path/Frameworks",
					"@loader_path/Frameworks",
				);
				PRODUCT_BUNDLE_IDENTIFIER = wb.devs.ModularStoryboardAppTests;
				PRODUCT_NAME = "$(TARGET_NAME)";
				SWIFT_VERSION = 5.0;
				TARGETED_DEVICE_FAMILY = "1,2";
				TEST_HOST = "$(BUILT_PRODUCTS_DIR)/ModularStoryboardApp.app/ModularStoryboardApp";
			};
			name = Release;
		};
/* End XCBuildConfiguration section */

/* Begin XCConfigurationList section */
		AC22597225F57F1D00711670 /* Build configuration list for PBXProject "ModularStoryboardApp" */ = {
			isa = XCConfigurationList;
			buildConfigurations = (
				AC22598925F57F1E00711670 /* Debug */,
				AC22598A25F57F1E00711670 /* Release */,
			);
			defaultConfigurationIsVisible = 0;
			defaultConfigurationName = Release;
		};
		AC22598B25F57F1E00711670 /* Build configuration list for PBXNativeTarget "ModularStoryboardApp" */ = {
			isa = XCConfigurationList;
			buildConfigurations = (
				AC22598C25F57F1E00711670 /* Debug */,
				AC22598D25F57F1E00711670 /* Release */,
			);
			defaultConfigurationIsVisible = 0;
			defaultConfigurationName = Release;
		};
		AC2259C125F5A76200711670 /* Build configuration list for PBXNativeTarget "ModularStoryboardAppTests" */ = {
			isa = XCConfigurationList;
			buildConfigurations = (
				AC2259C225F5A76200711670 /* Debug */,
				AC2259C325F5A76200711670 /* Release */,
			);
			defaultConfigurationIsVisible = 0;
			defaultConfigurationName = Release;
		};
/* End XCConfigurationList section */
	};
	rootObject = AC22596F25F57F1D00711670 /* Project object */;
}
