// !$*UTF8*$!
{
	archiveVersion = 1;
	classes = {
	};
	objectVersion = 50;
	objects = {

/* Begin PBXBuildFile section */
		AC43C85D25EC293100732C55 /* FeedProtocolViewController.swift in Sources */ = {isa = PBXBuildFile; fileRef = AC43C85C25EC293100732C55 /* FeedProtocolViewController.swift */; };
		AC5F83A925E1EC3E00350C98 /* CodeDiagrams.framework in Frameworks */ = {isa = PBXBuildFile; fileRef = AC5F839F25E1EC3E00350C98 /* CodeDiagrams.framework */; };
		AC5F83AE25E1EC3E00350C98 /* CodeDiagramsTests.swift in Sources */ = {isa = PBXBuildFile; fileRef = AC5F83AD25E1EC3E00350C98 /* CodeDiagramsTests.swift */; };
		AC5F83B025E1EC3E00350C98 /* CodeDiagrams.h in Headers */ = {isa = PBXBuildFile; fileRef = AC5F83A225E1EC3E00350C98 /* CodeDiagrams.h */; settings = {ATTRIBUTES = (Public, ); }; };
		AC5F83BC25E1EC9800350C98 /* FeedViewController.swift in Sources */ = {isa = PBXBuildFile; fileRef = AC5F83BB25E1EC9800350C98 /* FeedViewController.swift */; };
/* End PBXBuildFile section */

/* Begin PBXContainerItemProxy section */
		AC5F83AA25E1EC3E00350C98 /* PBXContainerItemProxy */ = {
			isa = PBXContainerItemProxy;
			containerPortal = AC5F839625E1EC3E00350C98 /* Project object */;
			proxyType = 1;
			remoteGlobalIDString = AC5F839E25E1EC3E00350C98;
			remoteInfo = CodeDiagrams;
		};
/* End PBXContainerItemProxy section */

/* Begin PBXFileReference section */
		AC43C85C25EC293100732C55 /* FeedProtocolViewController.swift */ = {isa = PBXFileReference; lastKnownFileType = sourcecode.swift; path = FeedProtocolViewController.swift; sourceTree = "<group>"; };
		AC5F839F25E1EC3E00350C98 /* CodeDiagrams.framework */ = {isa = PBXFileReference; explicitFileType = wrapper.framework; includeInIndex = 0; path = CodeDiagrams.framework; sourceTree = BUILT_PRODUCTS_DIR; };
		AC5F83A225E1EC3E00350C98 /* CodeDiagrams.h */ = {isa = PBXFileReference; lastKnownFileType = sourcecode.c.h; path = CodeDiagrams.h; sourceTree = "<group>"; };
		AC5F83A325E1EC3E00350C98 /* Info.plist */ = {isa = PBXFileReference; lastKnownFileType = text.plist.xml; path = Info.plist; sourceTree = "<group>"; };
		AC5F83A825E1EC3E00350C98 /* CodeDiagramsTests.xctest */ = {isa = PBXFileReference; explicitFileType = wrapper.cfbundle; includeInIndex = 0; path = CodeDiagramsTests.xctest; sourceTree = BUILT_PRODUCTS_DIR; };
		AC5F83AD25E1EC3E00350C98 /* CodeDiagramsTests.swift */ = {isa = PBXFileReference; lastKnownFileType = sourcecode.swift; path = CodeDiagramsTests.swift; sourceTree = "<group>"; };
		AC5F83AF25E1EC3E00350C98 /* Info.plist */ = {isa = PBXFileReference; lastKnownFileType = text.plist.xml; path = Info.plist; sourceTree = "<group>"; };
		AC5F83BB25E1EC9800350C98 /* FeedViewController.swift */ = {isa = PBXFileReference; lastKnownFileType = sourcecode.swift; path = FeedViewController.swift; sourceTree = "<group>"; };
/* End PBXFileReference section */

/* Begin PBXFrameworksBuildPhase section */
		AC5F839C25E1EC3E00350C98 /* Frameworks */ = {
			isa = PBXFrameworksBuildPhase;
			buildActionMask = 2147483647;
			files = (
			);
			runOnlyForDeploymentPostprocessing = 0;
		};
		AC5F83A525E1EC3E00350C98 /* Frameworks */ = {
			isa = PBXFrameworksBuildPhase;
			buildActionMask = 2147483647;
			files = (
				AC5F83A925E1EC3E00350C98 /* CodeDiagrams.framework in Frameworks */,
			);
			runOnlyForDeploymentPostprocessing = 0;
		};
/* End PBXFrameworksBuildPhase section */

/* Begin PBXGroup section */
		AC5F839525E1EC3E00350C98 = {
			isa = PBXGroup;
			children = (
				AC5F83A125E1EC3E00350C98 /* CodeDiagrams */,
				AC5F83AC25E1EC3E00350C98 /* CodeDiagramsTests */,
				AC5F83A025E1EC3E00350C98 /* Products */,
			);
			sourceTree = "<group>";
		};
		AC5F83A025E1EC3E00350C98 /* Products */ = {
			isa = PBXGroup;
			children = (
				AC5F839F25E1EC3E00350C98 /* CodeDiagrams.framework */,
				AC5F83A825E1EC3E00350C98 /* CodeDiagramsTests.xctest */,
			);
			name = Products;
			sourceTree = "<group>";
		};
		AC5F83A125E1EC3E00350C98 /* CodeDiagrams */ = {
			isa = PBXGroup;
			children = (
				AC5F83A225E1EC3E00350C98 /* CodeDiagrams.h */,
				AC5F83A325E1EC3E00350C98 /* Info.plist */,
				AC5F83BB25E1EC9800350C98 /* FeedViewController.swift */,
				AC43C85C25EC293100732C55 /* FeedProtocolViewController.swift */,
			);
			path = CodeDiagrams;
			sourceTree = "<group>";
		};
		AC5F83AC25E1EC3E00350C98 /* CodeDiagramsTests */ = {
			isa = PBXGroup;
			children = (
				AC5F83AD25E1EC3E00350C98 /* CodeDiagramsTests.swift */,
				AC5F83AF25E1EC3E00350C98 /* Info.plist */,
			);
			path = CodeDiagramsTests;
			sourceTree = "<group>";
		};
/* End PBXGroup section */

/* Begin PBXHeadersBuildPhase section */
		AC5F839A25E1EC3E00350C98 /* Headers */ = {
			isa = PBXHeadersBuildPhase;
			buildActionMask = 2147483647;
			files = (
				AC5F83B025E1EC3E00350C98 /* CodeDiagrams.h in Headers */,
			);
			runOnlyForDeploymentPostprocessing = 0;
		};
/* End PBXHeadersBuildPhase section */

/* Begin PBXNativeTarget section */
		AC5F839E25E1EC3E00350C98 /* CodeDiagrams */ = {
			isa = PBXNativeTarget;
			buildConfigurationList = AC5F83B325E1EC3E00350C98 /* Build configuration list for PBXNativeTarget "CodeDiagrams" */;
			buildPhases = (
				AC5F839A25E1EC3E00350C98 /* Headers */,
				AC5F839B25E1EC3E00350C98 /* Sources */,
				AC5F839C25E1EC3E00350C98 /* Frameworks */,
				AC5F839D25E1EC3E00350C98 /* Resources */,
			);
			buildRules = (
			);
			dependencies = (
			);
			name = CodeDiagrams;
			productName = CodeDiagrams;
			productReference = AC5F839F25E1EC3E00350C98 /* CodeDiagrams.framework */;
			productType = "com.apple.product-type.framework";
		};
		AC5F83A725E1EC3E00350C98 /* CodeDiagramsTests */ = {
			isa = PBXNativeTarget;
			buildConfigurationList = AC5F83B625E1EC3E00350C98 /* Build configuration list for PBXNativeTarget "CodeDiagramsTests" */;
			buildPhases = (
				AC5F83A425E1EC3E00350C98 /* Sources */,
				AC5F83A525E1EC3E00350C98 /* Frameworks */,
				AC5F83A625E1EC3E00350C98 /* Resources */,
			);
			buildRules = (
			);
			dependencies = (
				AC5F83AB25E1EC3E00350C98 /* PBXTargetDependency */,
			);
			name = CodeDiagramsTests;
			productName = CodeDiagramsTests;
			productReference = AC5F83A825E1EC3E00350C98 /* CodeDiagramsTests.xctest */;
			productType = "com.apple.product-type.bundle.unit-test";
		};
/* End PBXNativeTarget section */

/* Begin PBXProject section */
		AC5F839625E1EC3E00350C98 /* Project object */ = {
			isa = PBXProject;
			attributes = {
				LastSwiftUpdateCheck = 1220;
				LastUpgradeCheck = 1220;
				TargetAttributes = {
					AC5F839E25E1EC3E00350C98 = {
						CreatedOnToolsVersion = 12.2;
						LastSwiftMigration = 1220;
					};
					AC5F83A725E1EC3E00350C98 = {
						CreatedOnToolsVersion = 12.2;
					};
				};
			};
			buildConfigurationList = AC5F839925E1EC3E00350C98 /* Build configuration list for PBXProject "CodeDiagrams" */;
			compatibilityVersion = "Xcode 9.3";
			developmentRegion = en;
			hasScannedForEncodings = 0;
			knownRegions = (
				en,
				Base,
			);
			mainGroup = AC5F839525E1EC3E00350C98;
			productRefGroup = AC5F83A025E1EC3E00350C98 /* Products */;
			projectDirPath = "";
			projectRoot = "";
			targets = (
				AC5F839E25E1EC3E00350C98 /* CodeDiagrams */,
				AC5F83A725E1EC3E00350C98 /* CodeDiagramsTests */,
			);
		};
/* End PBXProject section */

/* Begin PBXResourcesBuildPhase section */
		AC5F839D25E1EC3E00350C98 /* Resources */ = {
			isa = PBXResourcesBuildPhase;
			buildActionMask = 2147483647;
			files = (
			);
			runOnlyForDeploymentPostprocessing = 0;
		};
		AC5F83A625E1EC3E00350C98 /* Resources */ = {
			isa = PBXResourcesBuildPhase;
			buildActionMask = 2147483647;
			files = (
			);
			runOnlyForDeploymentPostprocessing = 0;
		};
/* End PBXResourcesBuildPhase section */

/* Begin PBXSourcesBuildPhase section */
		AC5F839B25E1EC3E00350C98 /* Sources */ = {
			isa = PBXSourcesBuildPhase;
			buildActionMask = 2147483647;
			files = (
				AC43C85D25EC293100732C55 /* FeedProtocolViewController.swift in Sources */,
				AC5F83BC25E1EC9800350C98 /* FeedViewController.swift in Sources */,
			);
			runOnlyForDeploymentPostprocessing = 0;
		};
		AC5F83A425E1EC3E00350C98 /* Sources */ = {
			isa = PBXSourcesBuildPhase;
			buildActionMask = 2147483647;
			files = (
				AC5F83AE25E1EC3E00350C98 /* CodeDiagramsTests.swift in Sources */,
			);
			runOnlyForDeploymentPostprocessing = 0;
		};
/* End PBXSourcesBuildPhase section */

/* Begin PBXTargetDependency section */
		AC5F83AB25E1EC3E00350C98 /* PBXTargetDependency */ = {
			isa = PBXTargetDependency;
			target = AC5F839E25E1EC3E00350C98 /* CodeDiagrams */;
			targetProxy = AC5F83AA25E1EC3E00350C98 /* PBXContainerItemProxy */;
		};
/* End PBXTargetDependency section */

/* Begin XCBuildConfiguration section */
		AC5F83B125E1EC3E00350C98 /* Debug */ = {
			isa = XCBuildConfiguration;
			buildSettings = {
				ALWAYS_SEARCH_USER_PATHS = NO;
				CLANG_ANALYZER_NONNULL = YES;
				CLANG_ANALYZER_NUMBER_OBJECT_CONVERSION = YES_AGGRESSIVE;
				CLANG_CXX_LANGUAGE_STANDARD = "gnu++14";
				CLANG_CXX_LIBRARY = "libc++";
				CLANG_ENABLE_MODULES = YES;
				CLANG_ENABLE_OBJC_ARC = YES;
				CLANG_ENABLE_OBJC_WEAK = YES;
				CLANG_WARN_BLOCK_CAPTURE_AUTORELEASING = YES;
				CLANG_WARN_BOOL_CONVERSION = YES;
				CLANG_WARN_COMMA = YES;
				CLANG_WARN_CONSTANT_CONVERSION = YES;
				CLANG_WARN_DEPRECATED_OBJC_IMPLEMENTATIONS = YES;
				CLANG_WARN_DIRECT_OBJC_ISA_USAGE = YES_ERROR;
				CLANG_WARN_DOCUMENTATION_COMMENTS = YES;
				CLANG_WARN_EMPTY_BODY = YES;
				CLANG_WARN_ENUM_CONVERSION = YES;
				CLANG_WARN_INFINITE_RECURSION = YES;
				CLANG_WARN_INT_CONVERSION = YES;
				CLANG_WARN_NON_LITERAL_NULL_CONVERSION = YES;
				CLANG_WARN_OBJC_IMPLICIT_RETAIN_SELF = YES;
				CLANG_WARN_OBJC_LITERAL_CONVERSION = YES;
				CLANG_WARN_OBJC_ROOT_CLASS = YES_ERROR;
				CLANG_WARN_QUOTED_INCLUDE_IN_FRAMEWORK_HEADER = YES;
				CLANG_WARN_RANGE_LOOP_ANALYSIS = YES;
				CLANG_WARN_STRICT_PROTOTYPES = YES;
				CLANG_WARN_SUSPICIOUS_MOVE = YES;
				CLANG_WARN_UNGUARDED_AVAILABILITY = YES_AGGRESSIVE;
				CLANG_WARN_UNREACHABLE_CODE = YES;
				CLANG_WARN__DUPLICATE_METHOD_MATCH = YES;
				COPY_PHASE_STRIP = NO;
				CURRENT_PROJECT_VERSION = 1;
				DEBUG_INFORMATION_FORMAT = dwarf;
				ENABLE_STRICT_OBJC_MSGSEND = YES;
				ENABLE_TESTABILITY = YES;
				GCC_C_LANGUAGE_STANDARD = gnu11;
				GCC_DYNAMIC_NO_PIC = NO;
				GCC_NO_COMMON_BLOCKS = YES;
				GCC_OPTIMIZATION_LEVEL = 0;
				GCC_PREPROCESSOR_DEFINITIONS = (
					"DEBUG=1",
					"$(inherited)",
				);
				GCC_WARN_64_TO_32_BIT_CONVERSION = YES;
				GCC_WARN_ABOUT_RETURN_TYPE = YES_ERROR;
				GCC_WARN_UNDECLARED_SELECTOR = YES;
				GCC_WARN_UNINITIALIZED_AUTOS = YES_AGGRESSIVE;
				GCC_WARN_UNUSED_FUNCTION = YES;
				GCC_WARN_UNUSED_VARIABLE = YES;
				IPHONEOS_DEPLOYMENT_TARGET = 14.2;
				MTL_ENABLE_DEBUG_INFO = INCLUDE_SOURCE;
				MTL_FAST_MATH = YES;
				ONLY_ACTIVE_ARCH = YES;
				SDKROOT = iphoneos;
				SWIFT_ACTIVE_COMPILATION_CONDITIONS = DEBUG;
				SWIFT_OPTIMIZATION_LEVEL = "-Onone";
				VERSIONING_SYSTEM = "apple-generic";
				VERSION_INFO_PREFIX = "";
			};
			name = Debug;
		};
		AC5F83B225E1EC3E00350C98 /* Release */ = {
			isa = XCBuildConfiguration;
			buildSettings = {
				ALWAYS_SEARCH_USER_PATHS = NO;
				CLANG_ANALYZER_NONNULL = YES;
				CLANG_ANALYZER_NUMBER_OBJECT_CONVERSION = YES_AGGRESSIVE;
				CLANG_CXX_LANGUAGE_STANDARD = "gnu++14";
				CLANG_CXX_LIBRARY = "libc++";
				CLANG_ENABLE_MODULES = YES;
				CLANG_ENABLE_OBJC_ARC = YES;
				CLANG_ENABLE_OBJC_WEAK = YES;
				CLANG_WARN_BLOCK_CAPTURE_AUTORELEASING = YES;
				CLANG_WARN_BOOL_CONVERSION = YES;
				CLANG_WARN_COMMA = YES;
				CLANG_WARN_CONSTANT_CONVERSION = YES;
				CLANG_WARN_DEPRECATED_OBJC_IMPLEMENTATIONS = YES;
				CLANG_WARN_DIRECT_OBJC_ISA_USAGE = YES_ERROR;
				CLANG_WARN_DOCUMENTATION_COMMENTS = YES;
				CLANG_WARN_EMPTY_BODY = YES;
				CLANG_WARN_ENUM_CONVERSION = YES;
				CLANG_WARN_INFINITE_RECURSION = YES;
				CLANG_WARN_INT_CONVERSION = YES;
				CLANG_WARN_NON_LITERAL_NULL_CONVERSION = YES;
				CLANG_WARN_OBJC_IMPLICIT_RETAIN_SELF = YES;
				CLANG_WARN_OBJC_LITERAL_CONVERSION = YES;
				CLANG_WARN_OBJC_ROOT_CLASS = YES_ERROR;
				CLANG_WARN_QUOTED_INCLUDE_IN_FRAMEWORK_HEADER = YES;
				CLANG_WARN_RANGE_LOOP_ANALYSIS = YES;
				CLANG_WARN_STRICT_PROTOTYPES = YES;
				CLANG_WARN_SUSPICIOUS_MOVE = YES;
				CLANG_WARN_UNGUARDED_AVAILABILITY = YES_AGGRESSIVE;
				CLANG_WARN_UNREACHABLE_CODE = YES;
				CLANG_WARN__DUPLICATE_METHOD_MATCH = YES;
				COPY_PHASE_STRIP = NO;
				CURRENT_PROJECT_VERSION = 1;
				DEBUG_INFORMATION_FORMAT = "dwarf-with-dsym";
				ENABLE_NS_ASSERTIONS = NO;
				ENABLE_STRICT_OBJC_MSGSEND = YES;
				GCC_C_LANGUAGE_STANDARD = gnu11;
				GCC_NO_COMMON_BLOCKS = YES;
				GCC_WARN_64_TO_32_BIT_CONVERSION = YES;
				GCC_WARN_ABOUT_RETURN_TYPE = YES_ERROR;
				GCC_WARN_UNDECLARED_SELECTOR = YES;
				GCC_WARN_UNINITIALIZED_AUTOS = YES_AGGRESSIVE;
				GCC_WARN_UNUSED_FUNCTION = YES;
				GCC_WARN_UNUSED_VARIABLE = YES;
				IPHONEOS_DEPLOYMENT_TARGET = 14.2;
				MTL_ENABLE_DEBUG_INFO = NO;
				MTL_FAST_MATH = YES;
				SDKROOT = iphoneos;
				SWIFT_COMPILATION_MODE = wholemodule;
				SWIFT_OPTIMIZATION_LEVEL = "-O";
				VALIDATE_PRODUCT = YES;
				VERSIONING_SYSTEM = "apple-generic";
				VERSION_INFO_PREFIX = "";
			};
			name = Release;
		};
		AC5F83B425E1EC3E00350C98 /* Debug */ = {
			isa = XCBuildConfiguration;
			buildSettings = {
				CLANG_ENABLE_MODULES = YES;
				CODE_SIGN_STYLE = Automatic;
				DEFINES_MODULE = YES;
				DYLIB_COMPATIBILITY_VERSION = 1;
				DYLIB_CURRENT_VERSION = 1;
				DYLIB_INSTALL_NAME_BASE = "@rpath";
				INFOPLIST_FILE = CodeDiagrams/Info.plist;
				INSTALL_PATH = "$(LOCAL_LIBRARY_DIR)/Frameworks";
				LD_RUNPATH_SEARCH_PATHS = (
					"$(inherited)",
					"@executable_path/Frameworks",
					"@loader_path/Frameworks",
				);
				PRODUCT_BUNDLE_IDENTIFIER = wb.devs.CodeDiagrams;
				PRODUCT_NAME = "$(TARGET_NAME:c99extidentifier)";
				SKIP_INSTALL = YES;
				SWIFT_OPTIMIZATION_LEVEL = "-Onone";
				SWIFT_VERSION = 5.0;
				TARGETED_DEVICE_FAMILY = "1,2";
			};
			name = Debug;
		};
		AC5F83B525E1EC3E00350C98 /* Release */ = {
			isa = XCBuildConfiguration;
			buildSettings = {
				CLANG_ENABLE_MODULES = YES;
				CODE_SIGN_STYLE = Automatic;
				DEFINES_MODULE = YES;
				DYLIB_COMPATIBILITY_VERSION = 1;
				DYLIB_CURRENT_VERSION = 1;
				DYLIB_INSTALL_NAME_BASE = "@rpath";
				INFOPLIST_FILE = CodeDiagrams/Info.plist;
				INSTALL_PATH = "$(LOCAL_LIBRARY_DIR)/Frameworks";
				LD_RUNPATH_SEARCH_PATHS = (
					"$(inherited)",
					"@executable_path/Frameworks",
					"@loader_path/Frameworks",
				);
				PRODUCT_BUNDLE_IDENTIFIER = wb.devs.CodeDiagrams;
				PRODUCT_NAME = "$(TARGET_NAME:c99extidentifier)";
				SKIP_INSTALL = YES;
				SWIFT_VERSION = 5.0;
				TARGETED_DEVICE_FAMILY = "1,2";
			};
			name = Release;
		};
		AC5F83B725E1EC3E00350C98 /* Debug */ = {
			isa = XCBuildConfiguration;
			buildSettings = {
				ALWAYS_EMBED_SWIFT_STANDARD_LIBRARIES = YES;
				CODE_SIGN_STYLE = Automatic;
				INFOPLIST_FILE = CodeDiagramsTests/Info.plist;
				LD_RUNPATH_SEARCH_PATHS = (
					"$(inherited)",
					"@executable_path/Frameworks",
					"@loader_path/Frameworks",
				);
				PRODUCT_BUNDLE_IDENTIFIER = wb.devs.CodeDiagramsTests;
				PRODUCT_NAME = "$(TARGET_NAME)";
				SWIFT_VERSION = 5.0;
				TARGETED_DEVICE_FAMILY = "1,2";
			};
			name = Debug;
		};
		AC5F83B825E1EC3E00350C98 /* Release */ = {
			isa = XCBuildConfiguration;
			buildSettings = {
				ALWAYS_EMBED_SWIFT_STANDARD_LIBRARIES = YES;
				CODE_SIGN_STYLE = Automatic;
				INFOPLIST_FILE = CodeDiagramsTests/Info.plist;
				LD_RUNPATH_SEARCH_PATHS = (
					"$(inherited)",
					"@executable_path/Frameworks",
					"@loader_path/Frameworks",
				);
				PRODUCT_BUNDLE_IDENTIFIER = wb.devs.CodeDiagramsTests;
				PRODUCT_NAME = "$(TARGET_NAME)";
				SWIFT_VERSION = 5.0;
				TARGETED_DEVICE_FAMILY = "1,2";
			};
			name = Release;
		};
/* End XCBuildConfiguration section */

/* Begin XCConfigurationList section */
		AC5F839925E1EC3E00350C98 /* Build configuration list for PBXProject "CodeDiagrams" */ = {
			isa = XCConfigurationList;
			buildConfigurations = (
				AC5F83B125E1EC3E00350C98 /* Debug */,
				AC5F83B225E1EC3E00350C98 /* Release */,
			);
			defaultConfigurationIsVisible = 0;
			defaultConfigurationName = Release;
		};
		AC5F83B325E1EC3E00350C98 /* Build configuration list for PBXNativeTarget "CodeDiagrams" */ = {
			isa = XCConfigurationList;
			buildConfigurations = (
				AC5F83B425E1EC3E00350C98 /* Debug */,
				AC5F83B525E1EC3E00350C98 /* Release */,
			);
			defaultConfigurationIsVisible = 0;
			defaultConfigurationName = Release;
		};
		AC5F83B625E1EC3E00350C98 /* Build configuration list for PBXNativeTarget "CodeDiagramsTests" */ = {
			isa = XCConfigurationList;
			buildConfigurations = (
				AC5F83B725E1EC3E00350C98 /* Debug */,
				AC5F83B825E1EC3E00350C98 /* Release */,
			);
			defaultConfigurationIsVisible = 0;
			defaultConfigurationName = Release;
		};
/* End XCConfigurationList section */
	};
	rootObject = AC5F839625E1EC3E00350C98 /* Project object */;
}
