// !$*UTF8*$!
{
	archiveVersion = 1;
	classes = {
	};
	objectVersion = 50;
	objects = {

/* Begin PBXBuildFile section */
		BFEB78DC264CAF500094D9B3 /* ScrollViewOneController.swift in Sources */ = {isa = PBXBuildFile; fileRef = BFEB78DB264CAF500094D9B3 /* ScrollViewOneController.swift */; };
		BFEB78E1264CB0120094D9B3 /* UIView+Extensions.swift in Sources */ = {isa = PBXBuildFile; fileRef = BFEB78E0264CB0120094D9B3 /* UIView+Extensions.swift */; };
		BFEBA88A264C9CCF00D5201E /* AppDelegate.swift in Sources */ = {isa = PBXBuildFile; fileRef = BFEBA889264C9CCF00D5201E /* AppDelegate.swift */; };
		BFEBA893264C9CD200D5201E /* Assets.xcassets in Resources */ = {isa = PBXBuildFile; fileRef = BFEBA892264C9CD200D5201E /* Assets.xcassets */; };
		BFEBA896264C9CD200D5201E /* LaunchScreen.storyboard in Resources */ = {isa = PBXBuildFile; fileRef = BFEBA894264C9CD200D5201E /* LaunchScreen.storyboard */; };
		BFEBA8A2264C9D7D00D5201E /* HomeController.swift in Sources */ = {isa = PBXBuildFile; fileRef = BFEBA8A1264C9D7D00D5201E /* HomeController.swift */; };
		BFEBA8A8264C9E0700D5201E /* HomeUIFactory.swift in Sources */ = {isa = PBXBuildFile; fileRef = BFEBA8A7264C9E0700D5201E /* HomeUIFactory.swift */; };
/* End PBXBuildFile section */

/* Begin PBXFileReference section */
		BFEB78DB264CAF500094D9B3 /* ScrollViewOneController.swift */ = {isa = PBXFileReference; lastKnownFileType = sourcecode.swift; path = ScrollViewOneController.swift; sourceTree = "<group>"; };
		BFEB78E0264CB0120094D9B3 /* UIView+Extensions.swift */ = {isa = PBXFileReference; lastKnownFileType = sourcecode.swift; path = "UIView+Extensions.swift"; sourceTree = "<group>"; };
		BFEBA886264C9CCF00D5201E /* ScrollApp.app */ = {isa = PBXFileReference; explicitFileType = wrapper.application; includeInIndex = 0; path = "Scroll\U0010App.app"; sourceTree = BUILT_PRODUCTS_DIR; };
		BFEBA889264C9CCF00D5201E /* AppDelegate.swift */ = {isa = PBXFileReference; lastKnownFileType = sourcecode.swift; path = AppDelegate.swift; sourceTree = "<group>"; };
		BFEBA892264C9CD200D5201E /* Assets.xcassets */ = {isa = PBXFileReference; lastKnownFileType = folder.assetcatalog; path = Assets.xcassets; sourceTree = "<group>"; };
		BFEBA895264C9CD200D5201E /* Base */ = {isa = PBXFileReference; lastKnownFileType = file.storyboard; name = Base; path = Base.lproj/LaunchScreen.storyboard; sourceTree = "<group>"; };
		BFEBA897264C9CD200D5201E /* Info.plist */ = {isa = PBXFileReference; lastKnownFileType = text.plist.xml; path = Info.plist; sourceTree = "<group>"; };
		BFEBA8A1264C9D7D00D5201E /* HomeController.swift */ = {isa = PBXFileReference; lastKnownFileType = sourcecode.swift; path = HomeController.swift; sourceTree = "<group>"; };
		BFEBA8A7264C9E0700D5201E /* HomeUIFactory.swift */ = {isa = PBXFileReference; lastKnownFileType = sourcecode.swift; path = HomeUIFactory.swift; sourceTree = "<group>"; };
/* End PBXFileReference section */

/* Begin PBXFrameworksBuildPhase section */
		BFEBA883264C9CCF00D5201E /* Frameworks */ = {
			isa = PBXFrameworksBuildPhase;
			buildActionMask = 2147483647;
			files = (
			);
			runOnlyForDeploymentPostprocessing = 0;
		};
/* End PBXFrameworksBuildPhase section */

/* Begin PBXGroup section */
		BFEB78DA264CAF3E0094D9B3 /* Controllers */ = {
			isa = PBXGroup;
			children = (
				BFEB78DB264CAF500094D9B3 /* ScrollViewOneController.swift */,
			);
			path = Controllers;
			sourceTree = "<group>";
		};
		BFEB78DF264CB0070094D9B3 /* Utils */ = {
			isa = PBXGroup;
			children = (
				BFEB78E0264CB0120094D9B3 /* UIView+Extensions.swift */,
			);
			path = Utils;
			sourceTree = "<group>";
		};
		BFEBA87D264C9CCF00D5201E = {
			isa = PBXGroup;
			children = (
				BFEBA888264C9CCF00D5201E /* ScrollApp */,
				BFEBA887264C9CCF00D5201E /* Products */,
			);
			sourceTree = "<group>";
		};
		BFEBA887264C9CCF00D5201E /* Products */ = {
			isa = PBXGroup;
			children = (
				BFEBA886264C9CCF00D5201E /* ScrollApp.app */,
			);
			name = Products;
			sourceTree = "<group>";
		};
		BFEBA888264C9CCF00D5201E /* ScrollApp */ = {
			isa = PBXGroup;
			children = (
				BFEB78DF264CB0070094D9B3 /* Utils */,
				BFEB78DA264CAF3E0094D9B3 /* Controllers */,
				BFEBA8A5264C9DE500D5201E /* Home */,
				BFEBA8A4264C9DD000D5201E /* Main */,
				BFEBA892264C9CD200D5201E /* Assets.xcassets */,
				BFEBA897264C9CD200D5201E /* Info.plist */,
			);
			path = "Scroll\U0010App";
			sourceTree = "<group>";
		};
		BFEBA8A4264C9DD000D5201E /* Main */ = {
			isa = PBXGroup;
			children = (
				BFEBA889264C9CCF00D5201E /* AppDelegate.swift */,
				BFEBA894264C9CD200D5201E /* LaunchScreen.storyboard */,
			);
			path = Main;
			sourceTree = "<group>";
		};
		BFEBA8A5264C9DE500D5201E /* Home */ = {
			isa = PBXGroup;
			children = (
				BFEBA8A6264C9DF600D5201E /* UI */,
			);
			path = Home;
			sourceTree = "<group>";
		};
		BFEBA8A6264C9DF600D5201E /* UI */ = {
			isa = PBXGroup;
			children = (
				BFEBA8A1264C9D7D00D5201E /* HomeController.swift */,
				BFEBA8A7264C9E0700D5201E /* HomeUIFactory.swift */,
			);
			path = UI;
			sourceTree = "<group>";
		};
/* End PBXGroup section */

/* Begin PBXNativeTarget section */
		BFEBA885264C9CCF00D5201E /* ScrollApp */ = {
			isa = PBXNativeTarget;
			buildConfigurationList = BFEBA89A264C9CD200D5201E /* Build configuration list for PBXNativeTarget "ScrollApp" */;
			buildPhases = (
				BFEBA882264C9CCF00D5201E /* Sources */,
				BFEBA883264C9CCF00D5201E /* Frameworks */,
				BFEBA884264C9CCF00D5201E /* Resources */,
			);
			buildRules = (
			);
			dependencies = (
			);
			name = "Scroll\U0010App";
			productName = "Scroll\U0010App";
			productReference = BFEBA886264C9CCF00D5201E /* ScrollApp.app */;
			productType = "com.apple.product-type.application";
		};
/* End PBXNativeTarget section */

/* Begin PBXProject section */
		BFEBA87E264C9CCF00D5201E /* Project object */ = {
			isa = PBXProject;
			attributes = {
				LastSwiftUpdateCheck = 1240;
				LastUpgradeCheck = 1240;
				TargetAttributes = {
					BFEBA885264C9CCF00D5201E = {
						CreatedOnToolsVersion = 12.4;
					};
				};
			};
			buildConfigurationList = BFEBA881264C9CCF00D5201E /* Build configuration list for PBXProject "ScrollApp" */;
			compatibilityVersion = "Xcode 9.3";
			developmentRegion = en;
			hasScannedForEncodings = 0;
			knownRegions = (
				en,
				Base,
			);
			mainGroup = BFEBA87D264C9CCF00D5201E;
			productRefGroup = BFEBA887264C9CCF00D5201E /* Products */;
			projectDirPath = "";
			projectRoot = "";
			targets = (
				BFEBA885264C9CCF00D5201E /* ScrollApp */,
			);
		};
/* End PBXProject section */

/* Begin PBXResourcesBuildPhase section */
		BFEBA884264C9CCF00D5201E /* Resources */ = {
			isa = PBXResourcesBuildPhase;
			buildActionMask = 2147483647;
			files = (
				BFEBA896264C9CD200D5201E /* LaunchScreen.storyboard in Resources */,
				BFEBA893264C9CD200D5201E /* Assets.xcassets in Resources */,
			);
			runOnlyForDeploymentPostprocessing = 0;
		};
/* End PBXResourcesBuildPhase section */

/* Begin PBXSourcesBuildPhase section */
		BFEBA882264C9CCF00D5201E /* Sources */ = {
			isa = PBXSourcesBuildPhase;
			buildActionMask = 2147483647;
			files = (
				BFEBA8A8264C9E0700D5201E /* HomeUIFactory.swift in Sources */,
				BFEBA8A2264C9D7D00D5201E /* HomeController.swift in Sources */,
				BFEB78E1264CB0120094D9B3 /* UIView+Extensions.swift in Sources */,
				BFEB78DC264CAF500094D9B3 /* ScrollViewOneController.swift in Sources */,
				BFEBA88A264C9CCF00D5201E /* AppDelegate.swift in Sources */,
			);
			runOnlyForDeploymentPostprocessing = 0;
		};
/* End PBXSourcesBuildPhase section */

/* Begin PBXVariantGroup section */
		BFEBA894264C9CD200D5201E /* LaunchScreen.storyboard */ = {
			isa = PBXVariantGroup;
			children = (
				BFEBA895264C9CD200D5201E /* Base */,
			);
			name = LaunchScreen.storyboard;
			sourceTree = "<group>";
		};
/* End PBXVariantGroup section */

/* Begin XCBuildConfiguration section */
		BFEBA898264C9CD200D5201E /* Debug */ = {
			isa = XCBuildConfiguration;
			buildSettings = {
				ALWAYS_SEARCH_USER_PATHS = NO;
				CLANG_ANALYZER_NONNULL = YES;
				CLANG_ANALYZER_NUMBER_OBJECT_CONVERSION = YES_AGGRESSIVE;
				CLANG_CXX_LANGUAGE_STANDARD = "gnu++14";
				CLANG_CXX_LIBRARY = "libc++";
				CLANG_ENABLE_MODULES = YES;
				CLANG_ENABLE_OBJC_ARC = YES;
				CLANG_ENABLE_OBJC_WEAK = YES;
				CLANG_WARN_BLOCK_CAPTURE_AUTORELEASING = YES;
				CLANG_WARN_BOOL_CONVERSION = YES;
				CLANG_WARN_COMMA = YES;
				CLANG_WARN_CONSTANT_CONVERSION = YES;
				CLANG_WARN_DEPRECATED_OBJC_IMPLEMENTATIONS = YES;
				CLANG_WARN_DIRECT_OBJC_ISA_USAGE = YES_ERROR;
				CLANG_WARN_DOCUMENTATION_COMMENTS = YES;
				CLANG_WARN_EMPTY_BODY = YES;
				CLANG_WARN_ENUM_CONVERSION = YES;
				CLANG_WARN_INFINITE_RECURSION = YES;
				CLANG_WARN_INT_CONVERSION = YES;
				CLANG_WARN_NON_LITERAL_NULL_CONVERSION = YES;
				CLANG_WARN_OBJC_IMPLICIT_RETAIN_SELF = YES;
				CLANG_WARN_OBJC_LITERAL_CONVERSION = YES;
				CLANG_WARN_OBJC_ROOT_CLASS = YES_ERROR;
				CLANG_WARN_QUOTED_INCLUDE_IN_FRAMEWORK_HEADER = YES;
				CLANG_WARN_RANGE_LOOP_ANALYSIS = YES;
				CLANG_WARN_STRICT_PROTOTYPES = YES;
				CLANG_WARN_SUSPICIOUS_MOVE = YES;
				CLANG_WARN_UNGUARDED_AVAILABILITY = YES_AGGRESSIVE;
				CLANG_WARN_UNREACHABLE_CODE = YES;
				CLANG_WARN__DUPLICATE_METHOD_MATCH = YES;
				COPY_PHASE_STRIP = NO;
				DEBUG_INFORMATION_FORMAT = dwarf;
				ENABLE_STRICT_OBJC_MSGSEND = YES;
				ENABLE_TESTABILITY = YES;
				GCC_C_LANGUAGE_STANDARD = gnu11;
				GCC_DYNAMIC_NO_PIC = NO;
				GCC_NO_COMMON_BLOCKS = YES;
				GCC_OPTIMIZATION_LEVEL = 0;
				GCC_PREPROCESSOR_DEFINITIONS = (
					"DEBUG=1",
					"$(inherited)",
				);
				GCC_WARN_64_TO_32_BIT_CONVERSION = YES;
				GCC_WARN_ABOUT_RETURN_TYPE = YES_ERROR;
				GCC_WARN_UNDECLARED_SELECTOR = YES;
				GCC_WARN_UNINITIALIZED_AUTOS = YES_AGGRESSIVE;
				GCC_WARN_UNUSED_FUNCTION = YES;
				GCC_WARN_UNUSED_VARIABLE = YES;
				IPHONEOS_DEPLOYMENT_TARGET = 14.4;
				MTL_ENABLE_DEBUG_INFO = INCLUDE_SOURCE;
				MTL_FAST_MATH = YES;
				ONLY_ACTIVE_ARCH = YES;
				SDKROOT = iphoneos;
				SWIFT_ACTIVE_COMPILATION_CONDITIONS = DEBUG;
				SWIFT_OPTIMIZATION_LEVEL = "-Onone";
			};
			name = Debug;
		};
		BFEBA899264C9CD200D5201E /* Release */ = {
			isa = XCBuildConfiguration;
			buildSettings = {
				ALWAYS_SEARCH_USER_PATHS = NO;
				CLANG_ANALYZER_NONNULL = YES;
				CLANG_ANALYZER_NUMBER_OBJECT_CONVERSION = YES_AGGRESSIVE;
				CLANG_CXX_LANGUAGE_STANDARD = "gnu++14";
				CLANG_CXX_LIBRARY = "libc++";
				CLANG_ENABLE_MODULES = YES;
				CLANG_ENABLE_OBJC_ARC = YES;
				CLANG_ENABLE_OBJC_WEAK = YES;
				CLANG_WARN_BLOCK_CAPTURE_AUTORELEASING = YES;
				CLANG_WARN_BOOL_CONVERSION = YES;
				CLANG_WARN_COMMA = YES;
				CLANG_WARN_CONSTANT_CONVERSION = YES;
				CLANG_WARN_DEPRECATED_OBJC_IMPLEMENTATIONS = YES;
				CLANG_WARN_DIRECT_OBJC_ISA_USAGE = YES_ERROR;
				CLANG_WARN_DOCUMENTATION_COMMENTS = YES;
				CLANG_WARN_EMPTY_BODY = YES;
				CLANG_WARN_ENUM_CONVERSION = YES;
				CLANG_WARN_INFINITE_RECURSION = YES;
				CLANG_WARN_INT_CONVERSION = YES;
				CLANG_WARN_NON_LITERAL_NULL_CONVERSION = YES;
				CLANG_WARN_OBJC_IMPLICIT_RETAIN_SELF = YES;
				CLANG_WARN_OBJC_LITERAL_CONVERSION = YES;
				CLANG_WARN_OBJC_ROOT_CLASS = YES_ERROR;
				CLANG_WARN_QUOTED_INCLUDE_IN_FRAMEWORK_HEADER = YES;
				CLANG_WARN_RANGE_LOOP_ANALYSIS = YES;
				CLANG_WARN_STRICT_PROTOTYPES = YES;
				CLANG_WARN_SUSPICIOUS_MOVE = YES;
				CLANG_WARN_UNGUARDED_AVAILABILITY = YES_AGGRESSIVE;
				CLANG_WARN_UNREACHABLE_CODE = YES;
				CLANG_WARN__DUPLICATE_METHOD_MATCH = YES;
				COPY_PHASE_STRIP = NO;
				DEBUG_INFORMATION_FORMAT = "dwarf-with-dsym";
				ENABLE_NS_ASSERTIONS = NO;
				ENABLE_STRICT_OBJC_MSGSEND = YES;
				GCC_C_LANGUAGE_STANDARD = gnu11;
				GCC_NO_COMMON_BLOCKS = YES;
				GCC_WARN_64_TO_32_BIT_CONVERSION = YES;
				GCC_WARN_ABOUT_RETURN_TYPE = YES_ERROR;
				GCC_WARN_UNDECLARED_SELECTOR = YES;
				GCC_WARN_UNINITIALIZED_AUTOS = YES_AGGRESSIVE;
				GCC_WARN_UNUSED_FUNCTION = YES;
				GCC_WARN_UNUSED_VARIABLE = YES;
				IPHONEOS_DEPLOYMENT_TARGET = 14.4;
				MTL_ENABLE_DEBUG_INFO = NO;
				MTL_FAST_MATH = YES;
				SDKROOT = iphoneos;
				SWIFT_COMPILATION_MODE = wholemodule;
				SWIFT_OPTIMIZATION_LEVEL = "-O";
				VALIDATE_PRODUCT = YES;
			};
			name = Release;
		};
		BFEBA89B264C9CD200D5201E /* Debug */ = {
			isa = XCBuildConfiguration;
			buildSettings = {
				ASSETCATALOG_COMPILER_APPICON_NAME = AppIcon;
				ASSETCATALOG_COMPILER_GLOBAL_ACCENT_COLOR_NAME = AccentColor;
				CODE_SIGN_STYLE = Automatic;
				INFOPLIST_FILE = "Scroll\U0010App/Info.plist";
				LD_RUNPATH_SEARCH_PATHS = (
					"$(inherited)",
					"@executable_path/Frameworks",
				);
				PRODUCT_BUNDLE_IDENTIFIER = "wb.devs.Scroll-App";
				PRODUCT_NAME = "$(TARGET_NAME)";
				SWIFT_VERSION = 5.0;
				TARGETED_DEVICE_FAMILY = "1,2";
			};
			name = Debug;
		};
		BFEBA89C264C9CD200D5201E /* Release */ = {
			isa = XCBuildConfiguration;
			buildSettings = {
				ASSETCATALOG_COMPILER_APPICON_NAME = AppIcon;
				ASSETCATALOG_COMPILER_GLOBAL_ACCENT_COLOR_NAME = AccentColor;
				CODE_SIGN_STYLE = Automatic;
				INFOPLIST_FILE = "Scroll\U0010App/Info.plist";
				LD_RUNPATH_SEARCH_PATHS = (
					"$(inherited)",
					"@executable_path/Frameworks",
				);
				PRODUCT_BUNDLE_IDENTIFIER = "wb.devs.Scroll-App";
				PRODUCT_NAME = "$(TARGET_NAME)";
				SWIFT_VERSION = 5.0;
				TARGETED_DEVICE_FAMILY = "1,2";
			};
			name = Release;
		};
/* End XCBuildConfiguration section */

/* Begin XCConfigurationList section */
		BFEBA881264C9CCF00D5201E /* Build configuration list for PBXProject "ScrollApp" */ = {
			isa = XCConfigurationList;
			buildConfigurations = (
				BFEBA898264C9CD200D5201E /* Debug */,
				BFEBA899264C9CD200D5201E /* Release */,
			);
			defaultConfigurationIsVisible = 0;
			defaultConfigurationName = Release;
		};
		BFEBA89A264C9CD200D5201E /* Build configuration list for PBXNativeTarget "ScrollApp" */ = {
			isa = XCConfigurationList;
			buildConfigurations = (
				BFEBA89B264C9CD200D5201E /* Debug */,
				BFEBA89C264C9CD200D5201E /* Release */,
			);
			defaultConfigurationIsVisible = 0;
			defaultConfigurationName = Release;
		};
/* End XCConfigurationList section */
	};
	rootObject = BFEBA87E264C9CCF00D5201E /* Project object */;
}
